// !$*UTF8*$!
{
	archiveVersion = 1;
	classes = {
	};
	objectVersion = 46;
	objects = {

/* Begin PBXBuildFile section */
		22958E282956D3CA1C97637F /* libPods.a in Frameworks */ = {isa = PBXBuildFile; fileRef = 0A1C2B9738B0F727D91CD021 /* libPods.a */; };
		3D150F3B1D4734BB00E30A14 /* NearCell.m in Sources */ = {isa = PBXBuildFile; fileRef = 3D150F391D4734BB00E30A14 /* NearCell.m */; };
		3D150F3C1D4734BB00E30A14 /* NearCell.xib in Resources */ = {isa = PBXBuildFile; fileRef = 3D150F3A1D4734BB00E30A14 /* NearCell.xib */; };
		3D150F3F1D4734CB00E30A14 /* NearModel.m in Sources */ = {isa = PBXBuildFile; fileRef = 3D150F3E1D4734CB00E30A14 /* NearModel.m */; };
		3D1CDF1C1BE85C6B0097C924 /* Foundation.framework in Frameworks */ = {isa = PBXBuildFile; fileRef = 3D1CDF1B1BE85C6B0097C924 /* Foundation.framework */; };
		3D1FEEDE1D2E3CEC00C54C41 /* ContentView.m in Sources */ = {isa = PBXBuildFile; fileRef = 3D1FEEDC1D2E3CEC00C54C41 /* ContentView.m */; };
		3D1FEEDF1D2E3CEC00C54C41 /* ContentView.xib in Resources */ = {isa = PBXBuildFile; fileRef = 3D1FEEDD1D2E3CEC00C54C41 /* ContentView.xib */; };
		3D24EABE1D45E75A00F2447B /* BaiduMapAPI_Base.framework in Frameworks */ = {isa = PBXBuildFile; fileRef = 3D24EAB71D45E75A00F2447B /* BaiduMapAPI_Base.framework */; };
		3D24EABF1D45E75A00F2447B /* BaiduMapAPI_Cloud.framework in Frameworks */ = {isa = PBXBuildFile; fileRef = 3D24EAB81D45E75A00F2447B /* BaiduMapAPI_Cloud.framework */; };
		3D24EAC01D45E75A00F2447B /* BaiduMapAPI_Location.framework in Frameworks */ = {isa = PBXBuildFile; fileRef = 3D24EAB91D45E75A00F2447B /* BaiduMapAPI_Location.framework */; };
		3D24EAC11D45E75A00F2447B /* BaiduMapAPI_Map.framework in Frameworks */ = {isa = PBXBuildFile; fileRef = 3D24EABA1D45E75A00F2447B /* BaiduMapAPI_Map.framework */; };
		3D24EAC21D45E75A00F2447B /* BaiduMapAPI_Radar.framework in Frameworks */ = {isa = PBXBuildFile; fileRef = 3D24EABB1D45E75A00F2447B /* BaiduMapAPI_Radar.framework */; };
		3D24EAC31D45E75A00F2447B /* BaiduMapAPI_Search.framework in Frameworks */ = {isa = PBXBuildFile; fileRef = 3D24EABC1D45E75A00F2447B /* BaiduMapAPI_Search.framework */; };
		3D24EAC41D45E75A00F2447B /* BaiduMapAPI_Utils.framework in Frameworks */ = {isa = PBXBuildFile; fileRef = 3D24EABD1D45E75A00F2447B /* BaiduMapAPI_Utils.framework */; };
		3D4F9EF81D2B63EB00A1C1A5 /* UIUtils.m in Sources */ = {isa = PBXBuildFile; fileRef = 3D4F9EF41D2B63EB00A1C1A5 /* UIUtils.m */; };
		3D4F9EF91D2B63EB00A1C1A5 /* ViewController.m in Sources */ = {isa = PBXBuildFile; fileRef = 3D4F9EF71D2B63EB00A1C1A5 /* ViewController.m */; };
		3D4F9EFE1D2B641D00A1C1A5 /* LoginViewController.m in Sources */ = {isa = PBXBuildFile; fileRef = 3D4F9EFC1D2B641D00A1C1A5 /* LoginViewController.m */; };
		3D4F9EFF1D2B641D00A1C1A5 /* LoginViewController.xib in Resources */ = {isa = PBXBuildFile; fileRef = 3D4F9EFD1D2B641D00A1C1A5 /* LoginViewController.xib */; };
		3D4F9F031D2B645900A1C1A5 /* KSTabBarController.m in Sources */ = {isa = PBXBuildFile; fileRef = 3D4F9F021D2B645900A1C1A5 /* KSTabBarController.m */; };
		3D4F9F3C1D2B663800A1C1A5 /* HomeViewController.m in Sources */ = {isa = PBXBuildFile; fileRef = 3D4F9F071D2B663800A1C1A5 /* HomeViewController.m */; };
		3D4F9F3D1D2B663800A1C1A5 /* HomeViewController.xib in Resources */ = {isa = PBXBuildFile; fileRef = 3D4F9F081D2B663800A1C1A5 /* HomeViewController.xib */; };
		3D4F9F3E1D2B663800A1C1A5 /* CustomAnnotation.m in Sources */ = {isa = PBXBuildFile; fileRef = 3D4F9F0C1D2B663800A1C1A5 /* CustomAnnotation.m */; };
		3D4F9F3F1D2B663800A1C1A5 /* TaskViewController.m in Sources */ = {isa = PBXBuildFile; fileRef = 3D4F9F0E1D2B663800A1C1A5 /* TaskViewController.m */; };
		3D4F9F411D2B663800A1C1A5 /* TaskView.m in Sources */ = {isa = PBXBuildFile; fileRef = 3D4F9F131D2B663800A1C1A5 /* TaskView.m */; };
		3D4F9F421D2B663800A1C1A5 /* TaskViewCell.m in Sources */ = {isa = PBXBuildFile; fileRef = 3D4F9F151D2B663800A1C1A5 /* TaskViewCell.m */; };
		3D4F9F431D2B663800A1C1A5 /* AfficheViewController.m in Sources */ = {isa = PBXBuildFile; fileRef = 3D4F9F191D2B663800A1C1A5 /* AfficheViewController.m */; };
		3D4F9F441D2B663800A1C1A5 /* AfficheViewController.xib in Resources */ = {isa = PBXBuildFile; fileRef = 3D4F9F1A1D2B663800A1C1A5 /* AfficheViewController.xib */; };
		3D4F9F451D2B663800A1C1A5 /* NoticeViewController.m in Sources */ = {isa = PBXBuildFile; fileRef = 3D4F9F1C1D2B663800A1C1A5 /* NoticeViewController.m */; };
		3D4F9F461D2B663800A1C1A5 /* NoticeViewController.xib in Resources */ = {isa = PBXBuildFile; fileRef = 3D4F9F1D1D2B663800A1C1A5 /* NoticeViewController.xib */; };
		3D4F9F471D2B663800A1C1A5 /* NoticeInfo.m in Sources */ = {isa = PBXBuildFile; fileRef = 3D4F9F201D2B663800A1C1A5 /* NoticeInfo.m */; };
		3D4F9F481D2B663800A1C1A5 /* TableNoticeViewCell.m in Sources */ = {isa = PBXBuildFile; fileRef = 3D4F9F231D2B663800A1C1A5 /* TableNoticeViewCell.m */; };
		3D4F9F491D2B663800A1C1A5 /* WordCarViewController.m in Sources */ = {isa = PBXBuildFile; fileRef = 3D4F9F271D2B663800A1C1A5 /* WordCarViewController.m */; };
		3D4F9F4A1D2B663800A1C1A5 /* WordCarViewController.xib in Resources */ = {isa = PBXBuildFile; fileRef = 3D4F9F281D2B663800A1C1A5 /* WordCarViewController.xib */; };
		3D4F9F4B1D2B663800A1C1A5 /* WordCarInfo.m in Sources */ = {isa = PBXBuildFile; fileRef = 3D4F9F2B1D2B663800A1C1A5 /* WordCarInfo.m */; };
		3D4F9F4C1D2B663800A1C1A5 /* WordCarViewCell.m in Sources */ = {isa = PBXBuildFile; fileRef = 3D4F9F2E1D2B663800A1C1A5 /* WordCarViewCell.m */; };
		3D4F9F4D1D2B663800A1C1A5 /* ButtonViewCell.m in Sources */ = {isa = PBXBuildFile; fileRef = 3D4F9F311D2B663800A1C1A5 /* ButtonViewCell.m */; };
		3D4F9F4E1D2B663800A1C1A5 /* ButtonViewCell.xib in Resources */ = {isa = PBXBuildFile; fileRef = 3D4F9F321D2B663800A1C1A5 /* ButtonViewCell.xib */; };
		3D4F9F4F1D2B663800A1C1A5 /* ListViewCell.m in Sources */ = {isa = PBXBuildFile; fileRef = 3D4F9F341D2B663800A1C1A5 /* ListViewCell.m */; };
		3D4F9F501D2B663800A1C1A5 /* ListViewCell.xib in Resources */ = {isa = PBXBuildFile; fileRef = 3D4F9F351D2B663800A1C1A5 /* ListViewCell.xib */; };
		3D4F9F511D2B663800A1C1A5 /* NoticeViewCell.m in Sources */ = {isa = PBXBuildFile; fileRef = 3D4F9F371D2B663800A1C1A5 /* NoticeViewCell.m */; };
		3D4F9F521D2B663800A1C1A5 /* NoticeViewCell.xib in Resources */ = {isa = PBXBuildFile; fileRef = 3D4F9F381D2B663800A1C1A5 /* NoticeViewCell.xib */; };
		3D4F9F531D2B663800A1C1A5 /* TitleViewCell.m in Sources */ = {isa = PBXBuildFile; fileRef = 3D4F9F3A1D2B663800A1C1A5 /* TitleViewCell.m */; };
		3D4F9F541D2B663800A1C1A5 /* TitleViewCell.xib in Resources */ = {isa = PBXBuildFile; fileRef = 3D4F9F3B1D2B663800A1C1A5 /* TitleViewCell.xib */; };
		3D4F9F5D1D2B667F00A1C1A5 /* MarketViewController.m in Sources */ = {isa = PBXBuildFile; fileRef = 3D4F9F581D2B667F00A1C1A5 /* MarketViewController.m */; };
		3D4F9F5E1D2B667F00A1C1A5 /* MarketViewController.xib in Resources */ = {isa = PBXBuildFile; fileRef = 3D4F9F591D2B667F00A1C1A5 /* MarketViewController.xib */; };
		3D4F9F5F1D2B667F00A1C1A5 /* MarketViewCell.m in Sources */ = {isa = PBXBuildFile; fileRef = 3D4F9F5C1D2B667F00A1C1A5 /* MarketViewCell.m */; };
		3D4F9F851D2B67C100A1C1A5 /* MyViewController.m in Sources */ = {isa = PBXBuildFile; fileRef = 3D4F9F631D2B67C100A1C1A5 /* MyViewController.m */; };
		3D4F9F861D2B67C100A1C1A5 /* MessageViewController.m in Sources */ = {isa = PBXBuildFile; fileRef = 3D4F9F671D2B67C100A1C1A5 /* MessageViewController.m */; };
		3D4F9F871D2B67C100A1C1A5 /* MessageViewController.xib in Resources */ = {isa = PBXBuildFile; fileRef = 3D4F9F681D2B67C100A1C1A5 /* MessageViewController.xib */; };
		3D4F9F881D2B67C100A1C1A5 /* WorkExperienceViewController.m in Sources */ = {isa = PBXBuildFile; fileRef = 3D4F9F6E1D2B67C100A1C1A5 /* WorkExperienceViewController.m */; };
		3D4F9F891D2B67C100A1C1A5 /* WorkExperienceViewController.xib in Resources */ = {isa = PBXBuildFile; fileRef = 3D4F9F6F1D2B67C100A1C1A5 /* WorkExperienceViewController.xib */; };
		3D4F9F8A1D2B67C100A1C1A5 /* WorkInfo.m in Sources */ = {isa = PBXBuildFile; fileRef = 3D4F9F721D2B67C100A1C1A5 /* WorkInfo.m */; };
		3D4F9F8C1D2B67C100A1C1A5 /* EducationExperienceViewController.m in Sources */ = {isa = PBXBuildFile; fileRef = 3D4F9F791D2B67C100A1C1A5 /* EducationExperienceViewController.m */; };
		3D4F9F8D1D2B67C100A1C1A5 /* EducationExperienceViewController.xib in Resources */ = {isa = PBXBuildFile; fileRef = 3D4F9F7A1D2B67C100A1C1A5 /* EducationExperienceViewController.xib */; };
		3D4F9F8E1D2B67C100A1C1A5 /* EducationInfo.m in Sources */ = {isa = PBXBuildFile; fileRef = 3D4F9F7D1D2B67C100A1C1A5 /* EducationInfo.m */; };
		3D4F9F8F1D2B67C100A1C1A5 /* EducationViewCell.m in Sources */ = {isa = PBXBuildFile; fileRef = 3D4F9F801D2B67C100A1C1A5 /* EducationViewCell.m */; };
		3D4F9F901D2B67C100A1C1A5 /* MyViewCell.m in Sources */ = {isa = PBXBuildFile; fileRef = 3D4F9F841D2B67C100A1C1A5 /* MyViewCell.m */; };
		3D4F9FAF1D2B80B800A1C1A5 /* CompanyViewController.m in Sources */ = {isa = PBXBuildFile; fileRef = 3D4F9F941D2B80B800A1C1A5 /* CompanyViewController.m */; };
		3D4F9FB01D2B80B800A1C1A5 /* PunishmentViewController.m in Sources */ = {isa = PBXBuildFile; fileRef = 3D4F9F981D2B80B800A1C1A5 /* PunishmentViewController.m */; };
		3D4F9FB11D2B80B800A1C1A5 /* PunishmentViewController.xib in Resources */ = {isa = PBXBuildFile; fileRef = 3D4F9F991D2B80B800A1C1A5 /* PunishmentViewController.xib */; };
		3D4F9FB21D2B80B800A1C1A5 /* PunishmentInfo.m in Sources */ = {isa = PBXBuildFile; fileRef = 3D4F9F9C1D2B80B800A1C1A5 /* PunishmentInfo.m */; };
		3D4F9FB31D2B80B800A1C1A5 /* PunishmentViewCell.m in Sources */ = {isa = PBXBuildFile; fileRef = 3D4F9F9F1D2B80B800A1C1A5 /* PunishmentViewCell.m */; };
		3D4F9FB41D2B80B800A1C1A5 /* RewardViewController.m in Sources */ = {isa = PBXBuildFile; fileRef = 3D4F9FA31D2B80B800A1C1A5 /* RewardViewController.m */; };
		3D4F9FB51D2B80B800A1C1A5 /* RewardViewController.xib in Resources */ = {isa = PBXBuildFile; fileRef = 3D4F9FA41D2B80B800A1C1A5 /* RewardViewController.xib */; };
		3D4F9FB61D2B80B800A1C1A5 /* RewardInfo.m in Sources */ = {isa = PBXBuildFile; fileRef = 3D4F9FA71D2B80B800A1C1A5 /* RewardInfo.m */; };
		3D4F9FB71D2B80B800A1C1A5 /* RewardViewCell.m in Sources */ = {isa = PBXBuildFile; fileRef = 3D4F9FAA1D2B80B800A1C1A5 /* RewardViewCell.m */; };
		3D4F9FB81D2B80B800A1C1A5 /* CompanyViewCell.m in Sources */ = {isa = PBXBuildFile; fileRef = 3D4F9FAE1D2B80B800A1C1A5 /* CompanyViewCell.m */; };
		3D4F9FCE1D2B817100A1C1A5 /* OtherViewController.m in Sources */ = {isa = PBXBuildFile; fileRef = 3D4F9FBC1D2B817100A1C1A5 /* OtherViewController.m */; };
		3D4F9FD21D2B817100A1C1A5 /* FeedbackViewController.m in Sources */ = {isa = PBXBuildFile; fileRef = 3D4F9FC51D2B817100A1C1A5 /* FeedbackViewController.m */; };
		3D4F9FD31D2B817100A1C1A5 /* FeedbackViewController.xib in Resources */ = {isa = PBXBuildFile; fileRef = 3D4F9FC61D2B817100A1C1A5 /* FeedbackViewController.xib */; };
		3D4F9FD41D2B817100A1C1A5 /* SetViewController.m in Sources */ = {isa = PBXBuildFile; fileRef = 3D4F9FC91D2B817100A1C1A5 /* SetViewController.m */; };
		3D4F9FD51D2B817100A1C1A5 /* OtherViewCell.m in Sources */ = {isa = PBXBuildFile; fileRef = 3D4F9FCD1D2B817100A1C1A5 /* OtherViewCell.m */; };
		3D55D1FA1D45EB7C00FE7100 /* libMJExtension.a in Frameworks */ = {isa = PBXBuildFile; fileRef = 3D55D1F91D45EB7C00FE7100 /* libMJExtension.a */; };
		3D55D1FC1D45EB8600FE7100 /* libsqlite3.0.tbd in Frameworks */ = {isa = PBXBuildFile; fileRef = 3D55D1FB1D45EB8600FE7100 /* libsqlite3.0.tbd */; };
		3D55D1FE1D45EC5A00FE7100 /* CoreTelephony.framework in Frameworks */ = {isa = PBXBuildFile; fileRef = 3D55D1FD1D45EC5A00FE7100 /* CoreTelephony.framework */; };
		3D6EC3641D3E1A7300F59D31 /* PasswordViewController.m in Sources */ = {isa = PBXBuildFile; fileRef = 3D6EC3621D3E1A7300F59D31 /* PasswordViewController.m */; };
		3D6EC3651D3E1A7300F59D31 /* PasswordViewController.xib in Resources */ = {isa = PBXBuildFile; fileRef = 3D6EC3631D3E1A7300F59D31 /* PasswordViewController.xib */; };
		3D7C9BAE1D4845890099FAB8 /* RegisterViewController.m in Sources */ = {isa = PBXBuildFile; fileRef = 3D7C9BAC1D4845890099FAB8 /* RegisterViewController.m */; };
		3D7C9BAF1D4845890099FAB8 /* RegisterViewController.xib in Resources */ = {isa = PBXBuildFile; fileRef = 3D7C9BAD1D4845890099FAB8 /* RegisterViewController.xib */; };
		3D7C9BB31D485BFA0099FAB8 /* RegistCell.m in Sources */ = {isa = PBXBuildFile; fileRef = 3D7C9BB11D485BFA0099FAB8 /* RegistCell.m */; };
		3D7C9BB41D485BFA0099FAB8 /* RegistCell.xib in Resources */ = {isa = PBXBuildFile; fileRef = 3D7C9BB21D485BFA0099FAB8 /* RegistCell.xib */; };
		3D7C9BB71D485C050099FAB8 /* RegistModel.m in Sources */ = {isa = PBXBuildFile; fileRef = 3D7C9BB61D485C050099FAB8 /* RegistModel.m */; };
		3D7C9BBB1D4864A10099FAB8 /* AboutViewController.m in Sources */ = {isa = PBXBuildFile; fileRef = 3D7C9BB91D4864A10099FAB8 /* AboutViewController.m */; };
		3D7C9BBC1D4864A10099FAB8 /* AboutViewController.xib in Resources */ = {isa = PBXBuildFile; fileRef = 3D7C9BBA1D4864A10099FAB8 /* AboutViewController.xib */; };
		3D7C9BBF1D4897760099FAB8 /* XMGAnno.m in Sources */ = {isa = PBXBuildFile; fileRef = 3D7C9BBE1D4897760099FAB8 /* XMGAnno.m */; };
		3D8589771BE847C200757C82 /* UIKit.framework in Frameworks */ = {isa = PBXBuildFile; fileRef = 3D8589761BE847C200757C82 /* UIKit.framework */; };
		3DB175DE1D3C7941005F91CB /* WorkViewCell.m in Sources */ = {isa = PBXBuildFile; fileRef = 3DB175DC1D3C7941005F91CB /* WorkViewCell.m */; };
		3DB175DF1D3C7941005F91CB /* WorkViewCell.xib in Resources */ = {isa = PBXBuildFile; fileRef = 3DB175DD1D3C7941005F91CB /* WorkViewCell.xib */; };
		3DC0B0471D3CC30100194166 /* QuestionViewController.m in Sources */ = {isa = PBXBuildFile; fileRef = 3DC0B0451D3CC30100194166 /* QuestionViewController.m */; };
		3DC0B0481D3CC30100194166 /* QuestionViewController.xib in Resources */ = {isa = PBXBuildFile; fileRef = 3DC0B0461D3CC30100194166 /* QuestionViewController.xib */; };
		3DC0B04B1D3CC31300194166 /* QuestionModel.m in Sources */ = {isa = PBXBuildFile; fileRef = 3DC0B04A1D3CC31300194166 /* QuestionModel.m */; };
		3DC0B04F1D3CC32300194166 /* QuestionCell.m in Sources */ = {isa = PBXBuildFile; fileRef = 3DC0B04D1D3CC32300194166 /* QuestionCell.m */; };
		3DC0B0501D3CC32300194166 /* QuestionCell.xib in Resources */ = {isa = PBXBuildFile; fileRef = 3DC0B04E1D3CC32300194166 /* QuestionCell.xib */; };
		3DC3C6531D2B859100D40844 /* HTTPSessionManager.m in Sources */ = {isa = PBXBuildFile; fileRef = 3DC3C6521D2B859100D40844 /* HTTPSessionManager.m */; };
		3DC3C6551D2B909600D40844 /* libAFNetworking.a in Frameworks */ = {isa = PBXBuildFile; fileRef = 3DC3C6541D2B909600D40844 /* libAFNetworking.a */; };
		3DC3C6571D2B909800D40844 /* libMBProgressHUD.a in Frameworks */ = {isa = PBXBuildFile; fileRef = 3DC3C6561D2B909800D40844 /* libMBProgressHUD.a */; };
		3DD68B701D2C91CE002BCDD6 /* Foundation+Log.m in Sources */ = {isa = PBXBuildFile; fileRef = 3DD68B6F1D2C91CE002BCDD6 /* Foundation+Log.m */; };
		3DDF6B1E1D2F51040046E163 /* AESCrypt.m in Sources */ = {isa = PBXBuildFile; fileRef = 3DDF6B141D2F51040046E163 /* AESCrypt.m */; };
		3DDF6B1F1D2F51040046E163 /* NSData+Base64.m in Sources */ = {isa = PBXBuildFile; fileRef = 3DDF6B161D2F51040046E163 /* NSData+Base64.m */; };
		3DDF6B201D2F51040046E163 /* NSData+CommonCrypto.m in Sources */ = {isa = PBXBuildFile; fileRef = 3DDF6B181D2F51040046E163 /* NSData+CommonCrypto.m */; };
		3DDF6B211D2F51040046E163 /* NSString+Base64.m in Sources */ = {isa = PBXBuildFile; fileRef = 3DDF6B1A1D2F51040046E163 /* NSString+Base64.m */; };
		3DDF6B221D2F51040046E163 /* FDAlertView.m in Sources */ = {isa = PBXBuildFile; fileRef = 3DDF6B1D1D2F51040046E163 /* FDAlertView.m */; };
		3DE353871D388449002A68E6 /* TaskViewController.xib in Resources */ = {isa = PBXBuildFile; fileRef = 3DE353861D388449002A68E6 /* TaskViewController.xib */; };
		3DFC2F971BB3A46B004A83B0 /* main.m in Sources */ = {isa = PBXBuildFile; fileRef = 3DFC2F961BB3A46B004A83B0 /* main.m */; };
		3DFC2F9A1BB3A46B004A83B0 /* AppDelegate.mm in Sources */ = {isa = PBXBuildFile; fileRef = 3DFC2F991BB3A46B004A83B0 /* AppDelegate.mm */; };
		3DFC2FA01BB3A46B004A83B0 /* Main.storyboard in Resources */ = {isa = PBXBuildFile; fileRef = 3DFC2F9E1BB3A46B004A83B0 /* Main.storyboard */; };
		3DFC2FA21BB3A46B004A83B0 /* Images.xcassets in Resources */ = {isa = PBXBuildFile; fileRef = 3DFC2FA11BB3A46B004A83B0 /* Images.xcassets */; };
		3DFC2FA51BB3A46B004A83B0 /* LaunchScreen.xib in Resources */ = {isa = PBXBuildFile; fileRef = 3DFC2FA31BB3A46B004A83B0 /* LaunchScreen.xib */; };
		3DFC2FB11BB3A46B004A83B0 /* ZhongDingZhiXinTests.m in Sources */ = {isa = PBXBuildFile; fileRef = 3DFC2FB01BB3A46B004A83B0 /* ZhongDingZhiXinTests.m */; };
/* End PBXBuildFile section */

/* Begin PBXContainerItemProxy section */
		3DFC2FAB1BB3A46B004A83B0 /* PBXContainerItemProxy */ = {
			isa = PBXContainerItemProxy;
			containerPortal = 3DFC2F891BB3A46B004A83B0 /* Project object */;
			proxyType = 1;
			remoteGlobalIDString = 3DFC2F901BB3A46B004A83B0;
			remoteInfo = ZhongDingZhiXin;
		};
/* End PBXContainerItemProxy section */

/* Begin PBXFileReference section */
		0A1C2B9738B0F727D91CD021 /* libPods.a */ = {isa = PBXFileReference; explicitFileType = archive.ar; includeInIndex = 0; path = libPods.a; sourceTree = BUILT_PRODUCTS_DIR; };
		3D150F381D4734BB00E30A14 /* NearCell.h */ = {isa = PBXFileReference; fileEncoding = 4; lastKnownFileType = sourcecode.c.h; path = NearCell.h; sourceTree = "<group>"; };
		3D150F391D4734BB00E30A14 /* NearCell.m */ = {isa = PBXFileReference; fileEncoding = 4; lastKnownFileType = sourcecode.c.objc; path = NearCell.m; sourceTree = "<group>"; };
		3D150F3A1D4734BB00E30A14 /* NearCell.xib */ = {isa = PBXFileReference; fileEncoding = 4; lastKnownFileType = file.xib; path = NearCell.xib; sourceTree = "<group>"; };
		3D150F3D1D4734CB00E30A14 /* NearModel.h */ = {isa = PBXFileReference; fileEncoding = 4; lastKnownFileType = sourcecode.c.h; path = NearModel.h; sourceTree = "<group>"; };
		3D150F3E1D4734CB00E30A14 /* NearModel.m */ = {isa = PBXFileReference; fileEncoding = 4; lastKnownFileType = sourcecode.c.objc; path = NearModel.m; sourceTree = "<group>"; };
		3D1CDF1B1BE85C6B0097C924 /* Foundation.framework */ = {isa = PBXFileReference; lastKnownFileType = wrapper.framework; name = Foundation.framework; path = System/Library/Frameworks/Foundation.framework; sourceTree = SDKROOT; };
		3D1FEEDB1D2E3CEC00C54C41 /* ContentView.h */ = {isa = PBXFileReference; fileEncoding = 4; lastKnownFileType = sourcecode.c.h; path = ContentView.h; sourceTree = "<group>"; };
		3D1FEEDC1D2E3CEC00C54C41 /* ContentView.m */ = {isa = PBXFileReference; fileEncoding = 4; lastKnownFileType = sourcecode.c.objc; path = ContentView.m; sourceTree = "<group>"; };
		3D1FEEDD1D2E3CEC00C54C41 /* ContentView.xib */ = {isa = PBXFileReference; fileEncoding = 4; lastKnownFileType = file.xib; path = ContentView.xib; sourceTree = "<group>"; };
		3D24EAB71D45E75A00F2447B /* BaiduMapAPI_Base.framework */ = {isa = PBXFileReference; lastKnownFileType = wrapper.framework; name = BaiduMapAPI_Base.framework; path = Pods/BaiduMapKit/BaiduMapKit/BaiduMapAPI_Base.framework; sourceTree = "<group>"; };
		3D24EAB81D45E75A00F2447B /* BaiduMapAPI_Cloud.framework */ = {isa = PBXFileReference; lastKnownFileType = wrapper.framework; name = BaiduMapAPI_Cloud.framework; path = Pods/BaiduMapKit/BaiduMapKit/BaiduMapAPI_Cloud.framework; sourceTree = "<group>"; };
		3D24EAB91D45E75A00F2447B /* BaiduMapAPI_Location.framework */ = {isa = PBXFileReference; lastKnownFileType = wrapper.framework; name = BaiduMapAPI_Location.framework; path = Pods/BaiduMapKit/BaiduMapKit/BaiduMapAPI_Location.framework; sourceTree = "<group>"; };
		3D24EABA1D45E75A00F2447B /* BaiduMapAPI_Map.framework */ = {isa = PBXFileReference; lastKnownFileType = wrapper.framework; name = BaiduMapAPI_Map.framework; path = Pods/BaiduMapKit/BaiduMapKit/BaiduMapAPI_Map.framework; sourceTree = "<group>"; };
		3D24EABB1D45E75A00F2447B /* BaiduMapAPI_Radar.framework */ = {isa = PBXFileReference; lastKnownFileType = wrapper.framework; name = BaiduMapAPI_Radar.framework; path = Pods/BaiduMapKit/BaiduMapKit/BaiduMapAPI_Radar.framework; sourceTree = "<group>"; };
		3D24EABC1D45E75A00F2447B /* BaiduMapAPI_Search.framework */ = {isa = PBXFileReference; lastKnownFileType = wrapper.framework; name = BaiduMapAPI_Search.framework; path = Pods/BaiduMapKit/BaiduMapKit/BaiduMapAPI_Search.framework; sourceTree = "<group>"; };
		3D24EABD1D45E75A00F2447B /* BaiduMapAPI_Utils.framework */ = {isa = PBXFileReference; lastKnownFileType = wrapper.framework; name = BaiduMapAPI_Utils.framework; path = Pods/BaiduMapKit/BaiduMapKit/BaiduMapAPI_Utils.framework; sourceTree = "<group>"; };
		3D3845951D2F7E27000E10B6 /* MapKit.framework */ = {isa = PBXFileReference; lastKnownFileType = wrapper.framework; name = MapKit.framework; path = System/Library/Frameworks/MapKit.framework; sourceTree = SDKROOT; };
		3D4F9EF21D2B63EB00A1C1A5 /* PrefixHeader.pch */ = {isa = PBXFileReference; fileEncoding = 4; lastKnownFileType = sourcecode.c.h; path = PrefixHeader.pch; sourceTree = "<group>"; };
		3D4F9EF31D2B63EB00A1C1A5 /* UIUtils.h */ = {isa = PBXFileReference; fileEncoding = 4; lastKnownFileType = sourcecode.c.h; path = UIUtils.h; sourceTree = "<group>"; };
		3D4F9EF41D2B63EB00A1C1A5 /* UIUtils.m */ = {isa = PBXFileReference; fileEncoding = 4; lastKnownFileType = sourcecode.c.objc; path = UIUtils.m; sourceTree = "<group>"; };
		3D4F9EF61D2B63EB00A1C1A5 /* ViewController.h */ = {isa = PBXFileReference; fileEncoding = 4; lastKnownFileType = sourcecode.c.h; path = ViewController.h; sourceTree = "<group>"; };
		3D4F9EF71D2B63EB00A1C1A5 /* ViewController.m */ = {isa = PBXFileReference; fileEncoding = 4; lastKnownFileType = sourcecode.c.objc; path = ViewController.m; sourceTree = "<group>"; };
		3D4F9EFB1D2B641D00A1C1A5 /* LoginViewController.h */ = {isa = PBXFileReference; fileEncoding = 4; lastKnownFileType = sourcecode.c.h; path = LoginViewController.h; sourceTree = "<group>"; };
		3D4F9EFC1D2B641D00A1C1A5 /* LoginViewController.m */ = {isa = PBXFileReference; fileEncoding = 4; lastKnownFileType = sourcecode.c.objc; path = LoginViewController.m; sourceTree = "<group>"; };
		3D4F9EFD1D2B641D00A1C1A5 /* LoginViewController.xib */ = {isa = PBXFileReference; fileEncoding = 4; lastKnownFileType = file.xib; path = LoginViewController.xib; sourceTree = "<group>"; };
		3D4F9F011D2B645900A1C1A5 /* KSTabBarController.h */ = {isa = PBXFileReference; fileEncoding = 4; lastKnownFileType = sourcecode.c.h; path = KSTabBarController.h; sourceTree = "<group>"; };
		3D4F9F021D2B645900A1C1A5 /* KSTabBarController.m */ = {isa = PBXFileReference; fileEncoding = 4; lastKnownFileType = sourcecode.c.objc; path = KSTabBarController.m; sourceTree = "<group>"; };
		3D4F9F061D2B663800A1C1A5 /* HomeViewController.h */ = {isa = PBXFileReference; fileEncoding = 4; lastKnownFileType = sourcecode.c.h; path = HomeViewController.h; sourceTree = "<group>"; };
		3D4F9F071D2B663800A1C1A5 /* HomeViewController.m */ = {isa = PBXFileReference; fileEncoding = 4; lastKnownFileType = sourcecode.c.objc; path = HomeViewController.m; sourceTree = "<group>"; };
		3D4F9F081D2B663800A1C1A5 /* HomeViewController.xib */ = {isa = PBXFileReference; fileEncoding = 4; lastKnownFileType = file.xib; path = HomeViewController.xib; sourceTree = "<group>"; };
		3D4F9F0B1D2B663800A1C1A5 /* CustomAnnotation.h */ = {isa = PBXFileReference; fileEncoding = 4; lastKnownFileType = sourcecode.c.h; path = CustomAnnotation.h; sourceTree = "<group>"; };
		3D4F9F0C1D2B663800A1C1A5 /* CustomAnnotation.m */ = {isa = PBXFileReference; fileEncoding = 4; lastKnownFileType = sourcecode.c.objc; path = CustomAnnotation.m; sourceTree = "<group>"; };
		3D4F9F0D1D2B663800A1C1A5 /* TaskViewController.h */ = {isa = PBXFileReference; fileEncoding = 4; lastKnownFileType = sourcecode.c.h; path = TaskViewController.h; sourceTree = "<group>"; };
		3D4F9F0E1D2B663800A1C1A5 /* TaskViewController.m */ = {isa = PBXFileReference; fileEncoding = 4; lastKnownFileType = sourcecode.c.objc; path = TaskViewController.m; sourceTree = "<group>"; };
		3D4F9F121D2B663800A1C1A5 /* TaskView.h */ = {isa = PBXFileReference; fileEncoding = 4; lastKnownFileType = sourcecode.c.h; path = TaskView.h; sourceTree = "<group>"; };
		3D4F9F131D2B663800A1C1A5 /* TaskView.m */ = {isa = PBXFileReference; fileEncoding = 4; lastKnownFileType = sourcecode.c.objc; path = TaskView.m; sourceTree = "<group>"; };
		3D4F9F141D2B663800A1C1A5 /* TaskViewCell.h */ = {isa = PBXFileReference; fileEncoding = 4; lastKnownFileType = sourcecode.c.h; path = TaskViewCell.h; sourceTree = "<group>"; };
		3D4F9F151D2B663800A1C1A5 /* TaskViewCell.m */ = {isa = PBXFileReference; fileEncoding = 4; lastKnownFileType = sourcecode.c.objc; path = TaskViewCell.m; sourceTree = "<group>"; };
		3D4F9F181D2B663800A1C1A5 /* AfficheViewController.h */ = {isa = PBXFileReference; fileEncoding = 4; lastKnownFileType = sourcecode.c.h; path = AfficheViewController.h; sourceTree = "<group>"; };
		3D4F9F191D2B663800A1C1A5 /* AfficheViewController.m */ = {isa = PBXFileReference; fileEncoding = 4; lastKnownFileType = sourcecode.c.objc; path = AfficheViewController.m; sourceTree = "<group>"; };
		3D4F9F1A1D2B663800A1C1A5 /* AfficheViewController.xib */ = {isa = PBXFileReference; fileEncoding = 4; lastKnownFileType = file.xib; path = AfficheViewController.xib; sourceTree = "<group>"; };
		3D4F9F1B1D2B663800A1C1A5 /* NoticeViewController.h */ = {isa = PBXFileReference; fileEncoding = 4; lastKnownFileType = sourcecode.c.h; path = NoticeViewController.h; sourceTree = "<group>"; };
		3D4F9F1C1D2B663800A1C1A5 /* NoticeViewController.m */ = {isa = PBXFileReference; fileEncoding = 4; lastKnownFileType = sourcecode.c.objc; path = NoticeViewController.m; sourceTree = "<group>"; };
		3D4F9F1D1D2B663800A1C1A5 /* NoticeViewController.xib */ = {isa = PBXFileReference; fileEncoding = 4; lastKnownFileType = file.xib; path = NoticeViewController.xib; sourceTree = "<group>"; };
		3D4F9F1F1D2B663800A1C1A5 /* NoticeInfo.h */ = {isa = PBXFileReference; fileEncoding = 4; lastKnownFileType = sourcecode.c.h; path = NoticeInfo.h; sourceTree = "<group>"; };
		3D4F9F201D2B663800A1C1A5 /* NoticeInfo.m */ = {isa = PBXFileReference; fileEncoding = 4; lastKnownFileType = sourcecode.c.objc; path = NoticeInfo.m; sourceTree = "<group>"; };
		3D4F9F221D2B663800A1C1A5 /* TableNoticeViewCell.h */ = {isa = PBXFileReference; fileEncoding = 4; lastKnownFileType = sourcecode.c.h; path = TableNoticeViewCell.h; sourceTree = "<group>"; };
		3D4F9F231D2B663800A1C1A5 /* TableNoticeViewCell.m */ = {isa = PBXFileReference; fileEncoding = 4; lastKnownFileType = sourcecode.c.objc; path = TableNoticeViewCell.m; sourceTree = "<group>"; };
		3D4F9F261D2B663800A1C1A5 /* WordCarViewController.h */ = {isa = PBXFileReference; fileEncoding = 4; lastKnownFileType = sourcecode.c.h; path = WordCarViewController.h; sourceTree = "<group>"; };
		3D4F9F271D2B663800A1C1A5 /* WordCarViewController.m */ = {isa = PBXFileReference; fileEncoding = 4; lastKnownFileType = sourcecode.c.objc; path = WordCarViewController.m; sourceTree = "<group>"; };
		3D4F9F281D2B663800A1C1A5 /* WordCarViewController.xib */ = {isa = PBXFileReference; fileEncoding = 4; lastKnownFileType = file.xib; path = WordCarViewController.xib; sourceTree = "<group>"; };
		3D4F9F2A1D2B663800A1C1A5 /* WordCarInfo.h */ = {isa = PBXFileReference; fileEncoding = 4; lastKnownFileType = sourcecode.c.h; path = WordCarInfo.h; sourceTree = "<group>"; };
		3D4F9F2B1D2B663800A1C1A5 /* WordCarInfo.m */ = {isa = PBXFileReference; fileEncoding = 4; lastKnownFileType = sourcecode.c.objc; path = WordCarInfo.m; sourceTree = "<group>"; };
		3D4F9F2D1D2B663800A1C1A5 /* WordCarViewCell.h */ = {isa = PBXFileReference; fileEncoding = 4; lastKnownFileType = sourcecode.c.h; path = WordCarViewCell.h; sourceTree = "<group>"; };
		3D4F9F2E1D2B663800A1C1A5 /* WordCarViewCell.m */ = {isa = PBXFileReference; fileEncoding = 4; lastKnownFileType = sourcecode.c.objc; path = WordCarViewCell.m; sourceTree = "<group>"; };
		3D4F9F301D2B663800A1C1A5 /* ButtonViewCell.h */ = {isa = PBXFileReference; fileEncoding = 4; lastKnownFileType = sourcecode.c.h; path = ButtonViewCell.h; sourceTree = "<group>"; };
		3D4F9F311D2B663800A1C1A5 /* ButtonViewCell.m */ = {isa = PBXFileReference; fileEncoding = 4; lastKnownFileType = sourcecode.c.objc; path = ButtonViewCell.m; sourceTree = "<group>"; };
		3D4F9F321D2B663800A1C1A5 /* ButtonViewCell.xib */ = {isa = PBXFileReference; fileEncoding = 4; lastKnownFileType = file.xib; path = ButtonViewCell.xib; sourceTree = "<group>"; };
		3D4F9F331D2B663800A1C1A5 /* ListViewCell.h */ = {isa = PBXFileReference; fileEncoding = 4; lastKnownFileType = sourcecode.c.h; path = ListViewCell.h; sourceTree = "<group>"; };
		3D4F9F341D2B663800A1C1A5 /* ListViewCell.m */ = {isa = PBXFileReference; fileEncoding = 4; lastKnownFileType = sourcecode.c.objc; path = ListViewCell.m; sourceTree = "<group>"; };
		3D4F9F351D2B663800A1C1A5 /* ListViewCell.xib */ = {isa = PBXFileReference; fileEncoding = 4; lastKnownFileType = file.xib; path = ListViewCell.xib; sourceTree = "<group>"; };
		3D4F9F361D2B663800A1C1A5 /* NoticeViewCell.h */ = {isa = PBXFileReference; fileEncoding = 4; lastKnownFileType = sourcecode.c.h; path = NoticeViewCell.h; sourceTree = "<group>"; };
		3D4F9F371D2B663800A1C1A5 /* NoticeViewCell.m */ = {isa = PBXFileReference; fileEncoding = 4; lastKnownFileType = sourcecode.c.objc; path = NoticeViewCell.m; sourceTree = "<group>"; };
		3D4F9F381D2B663800A1C1A5 /* NoticeViewCell.xib */ = {isa = PBXFileReference; fileEncoding = 4; lastKnownFileType = file.xib; path = NoticeViewCell.xib; sourceTree = "<group>"; };
		3D4F9F391D2B663800A1C1A5 /* TitleViewCell.h */ = {isa = PBXFileReference; fileEncoding = 4; lastKnownFileType = sourcecode.c.h; path = TitleViewCell.h; sourceTree = "<group>"; };
		3D4F9F3A1D2B663800A1C1A5 /* TitleViewCell.m */ = {isa = PBXFileReference; fileEncoding = 4; lastKnownFileType = sourcecode.c.objc; path = TitleViewCell.m; sourceTree = "<group>"; };
		3D4F9F3B1D2B663800A1C1A5 /* TitleViewCell.xib */ = {isa = PBXFileReference; fileEncoding = 4; lastKnownFileType = file.xib; path = TitleViewCell.xib; sourceTree = "<group>"; };
		3D4F9F571D2B667F00A1C1A5 /* MarketViewController.h */ = {isa = PBXFileReference; fileEncoding = 4; lastKnownFileType = sourcecode.c.h; path = MarketViewController.h; sourceTree = "<group>"; };
		3D4F9F581D2B667F00A1C1A5 /* MarketViewController.m */ = {isa = PBXFileReference; fileEncoding = 4; lastKnownFileType = sourcecode.c.objc; path = MarketViewController.m; sourceTree = "<group>"; };
		3D4F9F591D2B667F00A1C1A5 /* MarketViewController.xib */ = {isa = PBXFileReference; fileEncoding = 4; lastKnownFileType = file.xib; path = MarketViewController.xib; sourceTree = "<group>"; };
		3D4F9F5B1D2B667F00A1C1A5 /* MarketViewCell.h */ = {isa = PBXFileReference; fileEncoding = 4; lastKnownFileType = sourcecode.c.h; path = MarketViewCell.h; sourceTree = "<group>"; };
		3D4F9F5C1D2B667F00A1C1A5 /* MarketViewCell.m */ = {isa = PBXFileReference; fileEncoding = 4; lastKnownFileType = sourcecode.c.objc; path = MarketViewCell.m; sourceTree = "<group>"; };
		3D4F9F621D2B67C100A1C1A5 /* MyViewController.h */ = {isa = PBXFileReference; fileEncoding = 4; lastKnownFileType = sourcecode.c.h; path = MyViewController.h; sourceTree = "<group>"; };
		3D4F9F631D2B67C100A1C1A5 /* MyViewController.m */ = {isa = PBXFileReference; fileEncoding = 4; lastKnownFileType = sourcecode.c.objc; path = MyViewController.m; sourceTree = "<group>"; };
		3D4F9F661D2B67C100A1C1A5 /* MessageViewController.h */ = {isa = PBXFileReference; fileEncoding = 4; lastKnownFileType = sourcecode.c.h; name = MessageViewController.h; path = ../MessageViewController.h; sourceTree = "<group>"; };
		3D4F9F671D2B67C100A1C1A5 /* MessageViewController.m */ = {isa = PBXFileReference; fileEncoding = 4; lastKnownFileType = sourcecode.c.objc; name = MessageViewController.m; path = ../MessageViewController.m; sourceTree = "<group>"; };
		3D4F9F681D2B67C100A1C1A5 /* MessageViewController.xib */ = {isa = PBXFileReference; fileEncoding = 4; lastKnownFileType = file.xib; name = MessageViewController.xib; path = ../MessageViewController.xib; sourceTree = "<group>"; };
		3D4F9F6D1D2B67C100A1C1A5 /* WorkExperienceViewController.h */ = {isa = PBXFileReference; fileEncoding = 4; lastKnownFileType = sourcecode.c.h; path = WorkExperienceViewController.h; sourceTree = "<group>"; };
		3D4F9F6E1D2B67C100A1C1A5 /* WorkExperienceViewController.m */ = {isa = PBXFileReference; fileEncoding = 4; lastKnownFileType = sourcecode.c.objc; path = WorkExperienceViewController.m; sourceTree = "<group>"; };
		3D4F9F6F1D2B67C100A1C1A5 /* WorkExperienceViewController.xib */ = {isa = PBXFileReference; fileEncoding = 4; lastKnownFileType = file.xib; path = WorkExperienceViewController.xib; sourceTree = "<group>"; };
		3D4F9F711D2B67C100A1C1A5 /* WorkInfo.h */ = {isa = PBXFileReference; fileEncoding = 4; lastKnownFileType = sourcecode.c.h; path = WorkInfo.h; sourceTree = "<group>"; };
		3D4F9F721D2B67C100A1C1A5 /* WorkInfo.m */ = {isa = PBXFileReference; fileEncoding = 4; lastKnownFileType = sourcecode.c.objc; path = WorkInfo.m; sourceTree = "<group>"; };
		3D4F9F781D2B67C100A1C1A5 /* EducationExperienceViewController.h */ = {isa = PBXFileReference; fileEncoding = 4; lastKnownFileType = sourcecode.c.h; path = EducationExperienceViewController.h; sourceTree = "<group>"; };
		3D4F9F791D2B67C100A1C1A5 /* EducationExperienceViewController.m */ = {isa = PBXFileReference; fileEncoding = 4; lastKnownFileType = sourcecode.c.objc; path = EducationExperienceViewController.m; sourceTree = "<group>"; };
		3D4F9F7A1D2B67C100A1C1A5 /* EducationExperienceViewController.xib */ = {isa = PBXFileReference; fileEncoding = 4; lastKnownFileType = file.xib; path = EducationExperienceViewController.xib; sourceTree = "<group>"; };
		3D4F9F7C1D2B67C100A1C1A5 /* EducationInfo.h */ = {isa = PBXFileReference; fileEncoding = 4; lastKnownFileType = sourcecode.c.h; path = EducationInfo.h; sourceTree = "<group>"; };
		3D4F9F7D1D2B67C100A1C1A5 /* EducationInfo.m */ = {isa = PBXFileReference; fileEncoding = 4; lastKnownFileType = sourcecode.c.objc; path = EducationInfo.m; sourceTree = "<group>"; };
		3D4F9F7F1D2B67C100A1C1A5 /* EducationViewCell.h */ = {isa = PBXFileReference; fileEncoding = 4; lastKnownFileType = sourcecode.c.h; path = EducationViewCell.h; sourceTree = "<group>"; };
		3D4F9F801D2B67C100A1C1A5 /* EducationViewCell.m */ = {isa = PBXFileReference; fileEncoding = 4; lastKnownFileType = sourcecode.c.objc; path = EducationViewCell.m; sourceTree = "<group>"; };
		3D4F9F831D2B67C100A1C1A5 /* MyViewCell.h */ = {isa = PBXFileReference; fileEncoding = 4; lastKnownFileType = sourcecode.c.h; path = MyViewCell.h; sourceTree = "<group>"; };
		3D4F9F841D2B67C100A1C1A5 /* MyViewCell.m */ = {isa = PBXFileReference; fileEncoding = 4; lastKnownFileType = sourcecode.c.objc; path = MyViewCell.m; sourceTree = "<group>"; };
		3D4F9F931D2B80B800A1C1A5 /* CompanyViewController.h */ = {isa = PBXFileReference; fileEncoding = 4; lastKnownFileType = sourcecode.c.h; path = CompanyViewController.h; sourceTree = "<group>"; };
		3D4F9F941D2B80B800A1C1A5 /* CompanyViewController.m */ = {isa = PBXFileReference; fileEncoding = 4; lastKnownFileType = sourcecode.c.objc; path = CompanyViewController.m; sourceTree = "<group>"; };
		3D4F9F971D2B80B800A1C1A5 /* PunishmentViewController.h */ = {isa = PBXFileReference; fileEncoding = 4; lastKnownFileType = sourcecode.c.h; path = PunishmentViewController.h; sourceTree = "<group>"; };
		3D4F9F981D2B80B800A1C1A5 /* PunishmentViewController.m */ = {isa = PBXFileReference; fileEncoding = 4; lastKnownFileType = sourcecode.c.objc; path = PunishmentViewController.m; sourceTree = "<group>"; };
		3D4F9F991D2B80B800A1C1A5 /* PunishmentViewController.xib */ = {isa = PBXFileReference; fileEncoding = 4; lastKnownFileType = file.xib; path = PunishmentViewController.xib; sourceTree = "<group>"; };
		3D4F9F9B1D2B80B800A1C1A5 /* PunishmentInfo.h */ = {isa = PBXFileReference; fileEncoding = 4; lastKnownFileType = sourcecode.c.h; path = PunishmentInfo.h; sourceTree = "<group>"; };
		3D4F9F9C1D2B80B800A1C1A5 /* PunishmentInfo.m */ = {isa = PBXFileReference; fileEncoding = 4; lastKnownFileType = sourcecode.c.objc; path = PunishmentInfo.m; sourceTree = "<group>"; };
		3D4F9F9E1D2B80B800A1C1A5 /* PunishmentViewCell.h */ = {isa = PBXFileReference; fileEncoding = 4; lastKnownFileType = sourcecode.c.h; path = PunishmentViewCell.h; sourceTree = "<group>"; };
		3D4F9F9F1D2B80B800A1C1A5 /* PunishmentViewCell.m */ = {isa = PBXFileReference; fileEncoding = 4; lastKnownFileType = sourcecode.c.objc; path = PunishmentViewCell.m; sourceTree = "<group>"; };
		3D4F9FA21D2B80B800A1C1A5 /* RewardViewController.h */ = {isa = PBXFileReference; fileEncoding = 4; lastKnownFileType = sourcecode.c.h; path = RewardViewController.h; sourceTree = "<group>"; };
		3D4F9FA31D2B80B800A1C1A5 /* RewardViewController.m */ = {isa = PBXFileReference; fileEncoding = 4; lastKnownFileType = sourcecode.c.objc; path = RewardViewController.m; sourceTree = "<group>"; };
		3D4F9FA41D2B80B800A1C1A5 /* RewardViewController.xib */ = {isa = PBXFileReference; fileEncoding = 4; lastKnownFileType = file.xib; path = RewardViewController.xib; sourceTree = "<group>"; };
		3D4F9FA61D2B80B800A1C1A5 /* RewardInfo.h */ = {isa = PBXFileReference; fileEncoding = 4; lastKnownFileType = sourcecode.c.h; path = RewardInfo.h; sourceTree = "<group>"; };
		3D4F9FA71D2B80B800A1C1A5 /* RewardInfo.m */ = {isa = PBXFileReference; fileEncoding = 4; lastKnownFileType = sourcecode.c.objc; path = RewardInfo.m; sourceTree = "<group>"; };
		3D4F9FA91D2B80B800A1C1A5 /* RewardViewCell.h */ = {isa = PBXFileReference; fileEncoding = 4; lastKnownFileType = sourcecode.c.h; path = RewardViewCell.h; sourceTree = "<group>"; };
		3D4F9FAA1D2B80B800A1C1A5 /* RewardViewCell.m */ = {isa = PBXFileReference; fileEncoding = 4; lastKnownFileType = sourcecode.c.objc; path = RewardViewCell.m; sourceTree = "<group>"; };
		3D4F9FAD1D2B80B800A1C1A5 /* CompanyViewCell.h */ = {isa = PBXFileReference; fileEncoding = 4; lastKnownFileType = sourcecode.c.h; path = CompanyViewCell.h; sourceTree = "<group>"; };
		3D4F9FAE1D2B80B800A1C1A5 /* CompanyViewCell.m */ = {isa = PBXFileReference; fileEncoding = 4; lastKnownFileType = sourcecode.c.objc; path = CompanyViewCell.m; sourceTree = "<group>"; };
		3D4F9FBB1D2B817100A1C1A5 /* OtherViewController.h */ = {isa = PBXFileReference; fileEncoding = 4; lastKnownFileType = sourcecode.c.h; path = OtherViewController.h; sourceTree = "<group>"; };
		3D4F9FBC1D2B817100A1C1A5 /* OtherViewController.m */ = {isa = PBXFileReference; fileEncoding = 4; lastKnownFileType = sourcecode.c.objc; path = OtherViewController.m; sourceTree = "<group>"; };
		3D4F9FC41D2B817100A1C1A5 /* FeedbackViewController.h */ = {isa = PBXFileReference; fileEncoding = 4; lastKnownFileType = sourcecode.c.h; path = FeedbackViewController.h; sourceTree = "<group>"; };
		3D4F9FC51D2B817100A1C1A5 /* FeedbackViewController.m */ = {isa = PBXFileReference; fileEncoding = 4; lastKnownFileType = sourcecode.c.objc; path = FeedbackViewController.m; sourceTree = "<group>"; };
		3D4F9FC61D2B817100A1C1A5 /* FeedbackViewController.xib */ = {isa = PBXFileReference; fileEncoding = 4; lastKnownFileType = file.xib; path = FeedbackViewController.xib; sourceTree = "<group>"; };
		3D4F9FC81D2B817100A1C1A5 /* SetViewController.h */ = {isa = PBXFileReference; fileEncoding = 4; lastKnownFileType = sourcecode.c.h; path = SetViewController.h; sourceTree = "<group>"; };
		3D4F9FC91D2B817100A1C1A5 /* SetViewController.m */ = {isa = PBXFileReference; fileEncoding = 4; lastKnownFileType = sourcecode.c.objc; path = SetViewController.m; sourceTree = "<group>"; };
		3D4F9FCC1D2B817100A1C1A5 /* OtherViewCell.h */ = {isa = PBXFileReference; fileEncoding = 4; lastKnownFileType = sourcecode.c.h; path = OtherViewCell.h; sourceTree = "<group>"; };
		3D4F9FCD1D2B817100A1C1A5 /* OtherViewCell.m */ = {isa = PBXFileReference; fileEncoding = 4; lastKnownFileType = sourcecode.c.objc; path = OtherViewCell.m; sourceTree = "<group>"; };
		3D55D1F91D45EB7C00FE7100 /* libMJExtension.a */ = {isa = PBXFileReference; lastKnownFileType = archive.ar; name = libMJExtension.a; path = "../../Library/Developer/Xcode/DerivedData/ZhongDingZhiXin-gulvxipchdmhenetfjstkpiueiaf/Build/Products/Debug-iphoneos/libMJExtension.a"; sourceTree = "<group>"; };
		3D55D1FB1D45EB8600FE7100 /* libsqlite3.0.tbd */ = {isa = PBXFileReference; lastKnownFileType = "sourcecode.text-based-dylib-definition"; name = libsqlite3.0.tbd; path = usr/lib/libsqlite3.0.tbd; sourceTree = SDKROOT; };
		3D55D1FD1D45EC5A00FE7100 /* CoreTelephony.framework */ = {isa = PBXFileReference; lastKnownFileType = wrapper.framework; name = CoreTelephony.framework; path = System/Library/Frameworks/CoreTelephony.framework; sourceTree = SDKROOT; };
		3D6EC3611D3E1A7300F59D31 /* PasswordViewController.h */ = {isa = PBXFileReference; fileEncoding = 4; lastKnownFileType = sourcecode.c.h; path = PasswordViewController.h; sourceTree = "<group>"; };
		3D6EC3621D3E1A7300F59D31 /* PasswordViewController.m */ = {isa = PBXFileReference; fileEncoding = 4; lastKnownFileType = sourcecode.c.objc; path = PasswordViewController.m; sourceTree = "<group>"; };
		3D6EC3631D3E1A7300F59D31 /* PasswordViewController.xib */ = {isa = PBXFileReference; fileEncoding = 4; lastKnownFileType = file.xib; path = PasswordViewController.xib; sourceTree = "<group>"; };
		3D7C9BAB1D4845890099FAB8 /* RegisterViewController.h */ = {isa = PBXFileReference; fileEncoding = 4; lastKnownFileType = sourcecode.c.h; path = RegisterViewController.h; sourceTree = "<group>"; };
		3D7C9BAC1D4845890099FAB8 /* RegisterViewController.m */ = {isa = PBXFileReference; fileEncoding = 4; lastKnownFileType = sourcecode.c.objc; path = RegisterViewController.m; sourceTree = "<group>"; };
		3D7C9BAD1D4845890099FAB8 /* RegisterViewController.xib */ = {isa = PBXFileReference; fileEncoding = 4; lastKnownFileType = file.xib; path = RegisterViewController.xib; sourceTree = "<group>"; };
		3D7C9BB01D485BFA0099FAB8 /* RegistCell.h */ = {isa = PBXFileReference; fileEncoding = 4; lastKnownFileType = sourcecode.c.h; path = RegistCell.h; sourceTree = "<group>"; };
		3D7C9BB11D485BFA0099FAB8 /* RegistCell.m */ = {isa = PBXFileReference; fileEncoding = 4; lastKnownFileType = sourcecode.c.objc; path = RegistCell.m; sourceTree = "<group>"; };
		3D7C9BB21D485BFA0099FAB8 /* RegistCell.xib */ = {isa = PBXFileReference; fileEncoding = 4; lastKnownFileType = file.xib; path = RegistCell.xib; sourceTree = "<group>"; };
		3D7C9BB51D485C050099FAB8 /* RegistModel.h */ = {isa = PBXFileReference; fileEncoding = 4; lastKnownFileType = sourcecode.c.h; path = RegistModel.h; sourceTree = "<group>"; };
		3D7C9BB61D485C050099FAB8 /* RegistModel.m */ = {isa = PBXFileReference; fileEncoding = 4; lastKnownFileType = sourcecode.c.objc; path = RegistModel.m; sourceTree = "<group>"; };
		3D7C9BB81D4864A10099FAB8 /* AboutViewController.h */ = {isa = PBXFileReference; fileEncoding = 4; lastKnownFileType = sourcecode.c.h; path = AboutViewController.h; sourceTree = "<group>"; };
		3D7C9BB91D4864A10099FAB8 /* AboutViewController.m */ = {isa = PBXFileReference; fileEncoding = 4; lastKnownFileType = sourcecode.c.objc; path = AboutViewController.m; sourceTree = "<group>"; };
		3D7C9BBA1D4864A10099FAB8 /* AboutViewController.xib */ = {isa = PBXFileReference; fileEncoding = 4; lastKnownFileType = file.xib; path = AboutViewController.xib; sourceTree = "<group>"; };
		3D7C9BBD1D4897760099FAB8 /* XMGAnno.h */ = {isa = PBXFileReference; fileEncoding = 4; lastKnownFileType = sourcecode.c.h; path = XMGAnno.h; sourceTree = "<group>"; };
		3D7C9BBE1D4897760099FAB8 /* XMGAnno.m */ = {isa = PBXFileReference; fileEncoding = 4; lastKnownFileType = sourcecode.c.objc; path = XMGAnno.m; sourceTree = "<group>"; };
		3D8589761BE847C200757C82 /* UIKit.framework */ = {isa = PBXFileReference; lastKnownFileType = wrapper.framework; name = UIKit.framework; path = System/Library/Frameworks/UIKit.framework; sourceTree = SDKROOT; };
		3DB175DB1D3C7941005F91CB /* WorkViewCell.h */ = {isa = PBXFileReference; fileEncoding = 4; lastKnownFileType = sourcecode.c.h; path = WorkViewCell.h; sourceTree = "<group>"; };
		3DB175DC1D3C7941005F91CB /* WorkViewCell.m */ = {isa = PBXFileReference; fileEncoding = 4; lastKnownFileType = sourcecode.c.objc; path = WorkViewCell.m; sourceTree = "<group>"; };
		3DB175DD1D3C7941005F91CB /* WorkViewCell.xib */ = {isa = PBXFileReference; fileEncoding = 4; lastKnownFileType = file.xib; path = WorkViewCell.xib; sourceTree = "<group>"; };
		3DC0B0441D3CC30100194166 /* QuestionViewController.h */ = {isa = PBXFileReference; fileEncoding = 4; lastKnownFileType = sourcecode.c.h; path = QuestionViewController.h; sourceTree = "<group>"; };
		3DC0B0451D3CC30100194166 /* QuestionViewController.m */ = {isa = PBXFileReference; fileEncoding = 4; lastKnownFileType = sourcecode.c.objc; path = QuestionViewController.m; sourceTree = "<group>"; };
		3DC0B0461D3CC30100194166 /* QuestionViewController.xib */ = {isa = PBXFileReference; fileEncoding = 4; lastKnownFileType = file.xib; path = QuestionViewController.xib; sourceTree = "<group>"; };
		3DC0B0491D3CC31300194166 /* QuestionModel.h */ = {isa = PBXFileReference; fileEncoding = 4; lastKnownFileType = sourcecode.c.h; path = QuestionModel.h; sourceTree = "<group>"; };
		3DC0B04A1D3CC31300194166 /* QuestionModel.m */ = {isa = PBXFileReference; fileEncoding = 4; lastKnownFileType = sourcecode.c.objc; path = QuestionModel.m; sourceTree = "<group>"; };
		3DC0B04C1D3CC32300194166 /* QuestionCell.h */ = {isa = PBXFileReference; fileEncoding = 4; lastKnownFileType = sourcecode.c.h; path = QuestionCell.h; sourceTree = "<group>"; };
		3DC0B04D1D3CC32300194166 /* QuestionCell.m */ = {isa = PBXFileReference; fileEncoding = 4; lastKnownFileType = sourcecode.c.objc; path = QuestionCell.m; sourceTree = "<group>"; };
		3DC0B04E1D3CC32300194166 /* QuestionCell.xib */ = {isa = PBXFileReference; fileEncoding = 4; lastKnownFileType = file.xib; path = QuestionCell.xib; sourceTree = "<group>"; };
		3DC3C6511D2B859100D40844 /* HTTPSessionManager.h */ = {isa = PBXFileReference; fileEncoding = 4; lastKnownFileType = sourcecode.c.h; path = HTTPSessionManager.h; sourceTree = "<group>"; };
		3DC3C6521D2B859100D40844 /* HTTPSessionManager.m */ = {isa = PBXFileReference; fileEncoding = 4; lastKnownFileType = sourcecode.c.objc; path = HTTPSessionManager.m; sourceTree = "<group>"; };
		3DC3C6541D2B909600D40844 /* libAFNetworking.a */ = {isa = PBXFileReference; lastKnownFileType = archive.ar; name = libAFNetworking.a; path = "../../../../../Library/Developer/Xcode/DerivedData/ZhongDingZhiXin-fteexjvzezhxigckshnhyjmgzwpm/Build/Products/Debug-iphonesimulator/libAFNetworking.a"; sourceTree = "<group>"; };
		3DC3C6561D2B909800D40844 /* libMBProgressHUD.a */ = {isa = PBXFileReference; lastKnownFileType = archive.ar; name = libMBProgressHUD.a; path = "../../../../../Library/Developer/Xcode/DerivedData/ZhongDingZhiXin-fteexjvzezhxigckshnhyjmgzwpm/Build/Products/Debug-iphonesimulator/libMBProgressHUD.a"; sourceTree = "<group>"; };
		3DD68B6F1D2C91CE002BCDD6 /* Foundation+Log.m */ = {isa = PBXFileReference; fileEncoding = 4; lastKnownFileType = sourcecode.c.objc; path = "Foundation+Log.m"; sourceTree = "<group>"; };
		3DDF6B131D2F51040046E163 /* AESCrypt.h */ = {isa = PBXFileReference; fileEncoding = 4; lastKnownFileType = sourcecode.c.h; path = AESCrypt.h; sourceTree = "<group>"; };
		3DDF6B141D2F51040046E163 /* AESCrypt.m */ = {isa = PBXFileReference; fileEncoding = 4; lastKnownFileType = sourcecode.c.objc; path = AESCrypt.m; sourceTree = "<group>"; };
		3DDF6B151D2F51040046E163 /* NSData+Base64.h */ = {isa = PBXFileReference; fileEncoding = 4; lastKnownFileType = sourcecode.c.h; path = "NSData+Base64.h"; sourceTree = "<group>"; };
		3DDF6B161D2F51040046E163 /* NSData+Base64.m */ = {isa = PBXFileReference; fileEncoding = 4; lastKnownFileType = sourcecode.c.objc; path = "NSData+Base64.m"; sourceTree = "<group>"; };
		3DDF6B171D2F51040046E163 /* NSData+CommonCrypto.h */ = {isa = PBXFileReference; fileEncoding = 4; lastKnownFileType = sourcecode.c.h; path = "NSData+CommonCrypto.h"; sourceTree = "<group>"; };
		3DDF6B181D2F51040046E163 /* NSData+CommonCrypto.m */ = {isa = PBXFileReference; fileEncoding = 4; lastKnownFileType = sourcecode.c.objc; path = "NSData+CommonCrypto.m"; sourceTree = "<group>"; };
		3DDF6B191D2F51040046E163 /* NSString+Base64.h */ = {isa = PBXFileReference; fileEncoding = 4; lastKnownFileType = sourcecode.c.h; path = "NSString+Base64.h"; sourceTree = "<group>"; };
		3DDF6B1A1D2F51040046E163 /* NSString+Base64.m */ = {isa = PBXFileReference; fileEncoding = 4; lastKnownFileType = sourcecode.c.objc; path = "NSString+Base64.m"; sourceTree = "<group>"; };
		3DDF6B1C1D2F51040046E163 /* FDAlertView.h */ = {isa = PBXFileReference; fileEncoding = 4; lastKnownFileType = sourcecode.c.h; path = FDAlertView.h; sourceTree = "<group>"; };
		3DDF6B1D1D2F51040046E163 /* FDAlertView.m */ = {isa = PBXFileReference; fileEncoding = 4; lastKnownFileType = sourcecode.c.objc; path = FDAlertView.m; sourceTree = "<group>"; };
		3DE353861D388449002A68E6 /* TaskViewController.xib */ = {isa = PBXFileReference; fileEncoding = 4; lastKnownFileType = file.xib; path = TaskViewController.xib; sourceTree = "<group>"; };
		3DFC2F911BB3A46B004A83B0 /* 个人职业信用.app */ = {isa = PBXFileReference; explicitFileType = wrapper.application; includeInIndex = 0; path = "个人职业信用.app"; sourceTree = BUILT_PRODUCTS_DIR; };
		3DFC2F951BB3A46B004A83B0 /* Info.plist */ = {isa = PBXFileReference; lastKnownFileType = text.plist.xml; path = Info.plist; sourceTree = "<group>"; };
		3DFC2F961BB3A46B004A83B0 /* main.m */ = {isa = PBXFileReference; lastKnownFileType = sourcecode.c.objc; path = main.m; sourceTree = "<group>"; };
		3DFC2F981BB3A46B004A83B0 /* AppDelegate.h */ = {isa = PBXFileReference; lastKnownFileType = sourcecode.c.h; path = AppDelegate.h; sourceTree = "<group>"; };
		3DFC2F991BB3A46B004A83B0 /* AppDelegate.mm */ = {isa = PBXFileReference; lastKnownFileType = sourcecode.cpp.objcpp; path = AppDelegate.mm; sourceTree = "<group>"; };
		3DFC2F9F1BB3A46B004A83B0 /* Base */ = {isa = PBXFileReference; lastKnownFileType = file.storyboard; name = Base; path = Base.lproj/Main.storyboard; sourceTree = "<group>"; };
		3DFC2FA11BB3A46B004A83B0 /* Images.xcassets */ = {isa = PBXFileReference; lastKnownFileType = folder.assetcatalog; path = Images.xcassets; sourceTree = "<group>"; };
		3DFC2FA41BB3A46B004A83B0 /* Base */ = {isa = PBXFileReference; lastKnownFileType = file.xib; name = Base; path = Base.lproj/LaunchScreen.xib; sourceTree = "<group>"; };
		3DFC2FAA1BB3A46B004A83B0 /* 个人职业信用.xctest */ = {isa = PBXFileReference; explicitFileType = wrapper.cfbundle; includeInIndex = 0; path = "个人职业信用.xctest"; sourceTree = BUILT_PRODUCTS_DIR; };
		3DFC2FAF1BB3A46B004A83B0 /* Info.plist */ = {isa = PBXFileReference; lastKnownFileType = text.plist.xml; path = Info.plist; sourceTree = "<group>"; };
		3DFC2FB01BB3A46B004A83B0 /* ZhongDingZhiXinTests.m */ = {isa = PBXFileReference; lastKnownFileType = sourcecode.c.objc; path = ZhongDingZhiXinTests.m; sourceTree = "<group>"; };
		677522D154E4D9E2F819AC15 /* Pods.release.xcconfig */ = {isa = PBXFileReference; includeInIndex = 1; lastKnownFileType = text.xcconfig; name = Pods.release.xcconfig; path = "Pods/Target Support Files/Pods/Pods.release.xcconfig"; sourceTree = "<group>"; };
		8C8186C7D14156CF41D1ACD5 /* Pods.debug.xcconfig */ = {isa = PBXFileReference; includeInIndex = 1; lastKnownFileType = text.xcconfig; name = Pods.debug.xcconfig; path = "Pods/Target Support Files/Pods/Pods.debug.xcconfig"; sourceTree = "<group>"; };
/* End PBXFileReference section */

/* Begin PBXFrameworksBuildPhase section */
		3DFC2F8E1BB3A46B004A83B0 /* Frameworks */ = {
			isa = PBXFrameworksBuildPhase;
			buildActionMask = 2147483647;
			files = (
				3D55D1FE1D45EC5A00FE7100 /* CoreTelephony.framework in Frameworks */,
				3D55D1FC1D45EB8600FE7100 /* libsqlite3.0.tbd in Frameworks */,
				3D55D1FA1D45EB7C00FE7100 /* libMJExtension.a in Frameworks */,
				3D24EABE1D45E75A00F2447B /* BaiduMapAPI_Base.framework in Frameworks */,
				3D24EABF1D45E75A00F2447B /* BaiduMapAPI_Cloud.framework in Frameworks */,
				3D24EAC01D45E75A00F2447B /* BaiduMapAPI_Location.framework in Frameworks */,
				3D24EAC11D45E75A00F2447B /* BaiduMapAPI_Map.framework in Frameworks */,
				3D24EAC21D45E75A00F2447B /* BaiduMapAPI_Radar.framework in Frameworks */,
				3D24EAC31D45E75A00F2447B /* BaiduMapAPI_Search.framework in Frameworks */,
				3D24EAC41D45E75A00F2447B /* BaiduMapAPI_Utils.framework in Frameworks */,
				3DC3C6571D2B909800D40844 /* libMBProgressHUD.a in Frameworks */,
				3DC3C6551D2B909600D40844 /* libAFNetworking.a in Frameworks */,
				3D1CDF1C1BE85C6B0097C924 /* Foundation.framework in Frameworks */,
				3D8589771BE847C200757C82 /* UIKit.framework in Frameworks */,
				22958E282956D3CA1C97637F /* libPods.a in Frameworks */,
			);
			runOnlyForDeploymentPostprocessing = 0;
		};
		3DFC2FA71BB3A46B004A83B0 /* Frameworks */ = {
			isa = PBXFrameworksBuildPhase;
			buildActionMask = 2147483647;
			files = (
			);
			runOnlyForDeploymentPostprocessing = 0;
		};
/* End PBXFrameworksBuildPhase section */

/* Begin PBXGroup section */
		3D4F9EF01D2B63EB00A1C1A5 /* 工具类 */ = {
			isa = PBXGroup;
			children = (
				3DD68B6F1D2C91CE002BCDD6 /* Foundation+Log.m */,
				3DC3C6501D2B859100D40844 /* 网络请求 */,
				3D4F9EF21D2B63EB00A1C1A5 /* PrefixHeader.pch */,
				3D4F9EF31D2B63EB00A1C1A5 /* UIUtils.h */,
				3D4F9EF41D2B63EB00A1C1A5 /* UIUtils.m */,
			);
			path = "工具类";
			sourceTree = "<group>";
		};
		3D4F9EF51D2B63EB00A1C1A5 /* 引导页 */ = {
			isa = PBXGroup;
			children = (
				3D4F9EF61D2B63EB00A1C1A5 /* ViewController.h */,
				3D4F9EF71D2B63EB00A1C1A5 /* ViewController.m */,
			);
			path = "引导页";
			sourceTree = "<group>";
		};
		3D4F9EFA1D2B641D00A1C1A5 /* 登录界面 */ = {
			isa = PBXGroup;
			children = (
				3D4F9EFB1D2B641D00A1C1A5 /* LoginViewController.h */,
				3D4F9EFC1D2B641D00A1C1A5 /* LoginViewController.m */,
				3D4F9EFD1D2B641D00A1C1A5 /* LoginViewController.xib */,
			);
			path = "登录界面";
			sourceTree = "<group>";
		};
		3D4F9F001D2B645900A1C1A5 /* 主控制器 */ = {
			isa = PBXGroup;
			children = (
				3D4F9F011D2B645900A1C1A5 /* KSTabBarController.h */,
				3D4F9F021D2B645900A1C1A5 /* KSTabBarController.m */,
			);
			path = "主控制器";
			sourceTree = "<group>";
		};
		3D4F9F041D2B663800A1C1A5 /* 首页 */ = {
			isa = PBXGroup;
			children = (
				3D4F9F051D2B663800A1C1A5 /* Controller */,
				3D4F9F2F1D2B663800A1C1A5 /* View */,
			);
			path = "首页";
			sourceTree = "<group>";
		};
		3D4F9F051D2B663800A1C1A5 /* Controller */ = {
			isa = PBXGroup;
			children = (
				3D4F9F061D2B663800A1C1A5 /* HomeViewController.h */,
				3D4F9F071D2B663800A1C1A5 /* HomeViewController.m */,
				3D4F9F081D2B663800A1C1A5 /* HomeViewController.xib */,
				3D4F9F091D2B663800A1C1A5 /* 今日任务 */,
				3D4F9F161D2B663800A1C1A5 /* 公司公告 */,
				3D4F9F241D2B663800A1C1A5 /* 工作证 */,
			);
			path = Controller;
			sourceTree = "<group>";
		};
		3D4F9F091D2B663800A1C1A5 /* 今日任务 */ = {
			isa = PBXGroup;
			children = (
				3D4F9F0A1D2B663800A1C1A5 /* Controller */,
				3D4F9F101D2B663800A1C1A5 /* Model */,
				3D4F9F111D2B663800A1C1A5 /* View */,
			);
			path = "今日任务";
			sourceTree = "<group>";
		};
		3D4F9F0A1D2B663800A1C1A5 /* Controller */ = {
			isa = PBXGroup;
			children = (
				3D4F9F0B1D2B663800A1C1A5 /* CustomAnnotation.h */,
				3D4F9F0C1D2B663800A1C1A5 /* CustomAnnotation.m */,
				3D4F9F0D1D2B663800A1C1A5 /* TaskViewController.h */,
				3D4F9F0E1D2B663800A1C1A5 /* TaskViewController.m */,
				3DE353861D388449002A68E6 /* TaskViewController.xib */,
				3D7C9BBD1D4897760099FAB8 /* XMGAnno.h */,
				3D7C9BBE1D4897760099FAB8 /* XMGAnno.m */,
				3D150F3D1D4734CB00E30A14 /* NearModel.h */,
				3D150F3E1D4734CB00E30A14 /* NearModel.m */,
				3D150F381D4734BB00E30A14 /* NearCell.h */,
				3D150F391D4734BB00E30A14 /* NearCell.m */,
				3D150F3A1D4734BB00E30A14 /* NearCell.xib */,
			);
			path = Controller;
			sourceTree = "<group>";
		};
		3D4F9F101D2B663800A1C1A5 /* Model */ = {
			isa = PBXGroup;
			children = (
			);
			path = Model;
			sourceTree = "<group>";
		};
		3D4F9F111D2B663800A1C1A5 /* View */ = {
			isa = PBXGroup;
			children = (
				3D4F9F121D2B663800A1C1A5 /* TaskView.h */,
				3D4F9F131D2B663800A1C1A5 /* TaskView.m */,
				3D4F9F141D2B663800A1C1A5 /* TaskViewCell.h */,
				3D4F9F151D2B663800A1C1A5 /* TaskViewCell.m */,
			);
			path = View;
			sourceTree = "<group>";
		};
		3D4F9F161D2B663800A1C1A5 /* 公司公告 */ = {
			isa = PBXGroup;
			children = (
				3D4F9F171D2B663800A1C1A5 /* Controller */,
				3D4F9F1E1D2B663800A1C1A5 /* Model */,
				3D4F9F211D2B663800A1C1A5 /* View */,
			);
			path = "公司公告";
			sourceTree = "<group>";
		};
		3D4F9F171D2B663800A1C1A5 /* Controller */ = {
			isa = PBXGroup;
			children = (
				3D4F9F1B1D2B663800A1C1A5 /* NoticeViewController.h */,
				3D4F9F1C1D2B663800A1C1A5 /* NoticeViewController.m */,
				3D4F9F1D1D2B663800A1C1A5 /* NoticeViewController.xib */,
				3D4F9F181D2B663800A1C1A5 /* AfficheViewController.h */,
				3D4F9F191D2B663800A1C1A5 /* AfficheViewController.m */,
				3D4F9F1A1D2B663800A1C1A5 /* AfficheViewController.xib */,
			);
			path = Controller;
			sourceTree = "<group>";
		};
		3D4F9F1E1D2B663800A1C1A5 /* Model */ = {
			isa = PBXGroup;
			children = (
				3D4F9F1F1D2B663800A1C1A5 /* NoticeInfo.h */,
				3D4F9F201D2B663800A1C1A5 /* NoticeInfo.m */,
			);
			path = Model;
			sourceTree = "<group>";
		};
		3D4F9F211D2B663800A1C1A5 /* View */ = {
			isa = PBXGroup;
			children = (
				3D4F9F221D2B663800A1C1A5 /* TableNoticeViewCell.h */,
				3D4F9F231D2B663800A1C1A5 /* TableNoticeViewCell.m */,
			);
			path = View;
			sourceTree = "<group>";
		};
		3D4F9F241D2B663800A1C1A5 /* 工作证 */ = {
			isa = PBXGroup;
			children = (
				3D4F9F251D2B663800A1C1A5 /* Controller */,
				3D4F9F291D2B663800A1C1A5 /* Model */,
				3D4F9F2C1D2B663800A1C1A5 /* View */,
			);
			path = "工作证";
			sourceTree = "<group>";
		};
		3D4F9F251D2B663800A1C1A5 /* Controller */ = {
			isa = PBXGroup;
			children = (
				3D4F9F261D2B663800A1C1A5 /* WordCarViewController.h */,
				3D4F9F271D2B663800A1C1A5 /* WordCarViewController.m */,
				3D4F9F281D2B663800A1C1A5 /* WordCarViewController.xib */,
			);
			path = Controller;
			sourceTree = "<group>";
		};
		3D4F9F291D2B663800A1C1A5 /* Model */ = {
			isa = PBXGroup;
			children = (
				3D4F9F2A1D2B663800A1C1A5 /* WordCarInfo.h */,
				3D4F9F2B1D2B663800A1C1A5 /* WordCarInfo.m */,
			);
			path = Model;
			sourceTree = "<group>";
		};
		3D4F9F2C1D2B663800A1C1A5 /* View */ = {
			isa = PBXGroup;
			children = (
				3D4F9F2D1D2B663800A1C1A5 /* WordCarViewCell.h */,
				3D4F9F2E1D2B663800A1C1A5 /* WordCarViewCell.m */,
				3D1FEEDB1D2E3CEC00C54C41 /* ContentView.h */,
				3D1FEEDC1D2E3CEC00C54C41 /* ContentView.m */,
				3D1FEEDD1D2E3CEC00C54C41 /* ContentView.xib */,
			);
			path = View;
			sourceTree = "<group>";
		};
		3D4F9F2F1D2B663800A1C1A5 /* View */ = {
			isa = PBXGroup;
			children = (
				3D4F9F301D2B663800A1C1A5 /* ButtonViewCell.h */,
				3D4F9F311D2B663800A1C1A5 /* ButtonViewCell.m */,
				3D4F9F321D2B663800A1C1A5 /* ButtonViewCell.xib */,
				3D4F9F331D2B663800A1C1A5 /* ListViewCell.h */,
				3D4F9F341D2B663800A1C1A5 /* ListViewCell.m */,
				3D4F9F351D2B663800A1C1A5 /* ListViewCell.xib */,
				3D4F9F361D2B663800A1C1A5 /* NoticeViewCell.h */,
				3D4F9F371D2B663800A1C1A5 /* NoticeViewCell.m */,
				3D4F9F381D2B663800A1C1A5 /* NoticeViewCell.xib */,
				3D4F9F391D2B663800A1C1A5 /* TitleViewCell.h */,
				3D4F9F3A1D2B663800A1C1A5 /* TitleViewCell.m */,
				3D4F9F3B1D2B663800A1C1A5 /* TitleViewCell.xib */,
			);
			path = View;
			sourceTree = "<group>";
		};
		3D4F9F551D2B667F00A1C1A5 /* 职场 */ = {
			isa = PBXGroup;
			children = (
				3D4F9F561D2B667F00A1C1A5 /* Controller */,
				3D4F9F5A1D2B667F00A1C1A5 /* View */,
			);
			path = "职场";
			sourceTree = "<group>";
		};
		3D4F9F561D2B667F00A1C1A5 /* Controller */ = {
			isa = PBXGroup;
			children = (
				3D4F9F571D2B667F00A1C1A5 /* MarketViewController.h */,
				3D4F9F581D2B667F00A1C1A5 /* MarketViewController.m */,
				3D4F9F591D2B667F00A1C1A5 /* MarketViewController.xib */,
			);
			path = Controller;
			sourceTree = "<group>";
		};
		3D4F9F5A1D2B667F00A1C1A5 /* View */ = {
			isa = PBXGroup;
			children = (
				3D4F9F5B1D2B667F00A1C1A5 /* MarketViewCell.h */,
				3D4F9F5C1D2B667F00A1C1A5 /* MarketViewCell.m */,
			);
			path = View;
			sourceTree = "<group>";
		};
		3D4F9F601D2B67C100A1C1A5 /* 我的 */ = {
			isa = PBXGroup;
			children = (
				3D4F9F611D2B67C100A1C1A5 /* Controller */,
				3D4F9F811D2B67C100A1C1A5 /* Model */,
				3D4F9F821D2B67C100A1C1A5 /* View */,
			);
			path = "我的";
			sourceTree = "<group>";
		};
		3D4F9F611D2B67C100A1C1A5 /* Controller */ = {
			isa = PBXGroup;
			children = (
				3D4F9F621D2B67C100A1C1A5 /* MyViewController.h */,
				3D4F9F631D2B67C100A1C1A5 /* MyViewController.m */,
				3D4F9F641D2B67C100A1C1A5 /* 基本信息 */,
				3D4F9F6B1D2B67C100A1C1A5 /* 工作经验 */,
				3D4F9F761D2B67C100A1C1A5 /* 教育经历 */,
				3D7C9BA71D48455C0099FAB8 /* 签到记录 */,
			);
			path = Controller;
			sourceTree = "<group>";
		};
		3D4F9F641D2B67C100A1C1A5 /* 基本信息 */ = {
			isa = PBXGroup;
			children = (
				3D4F9F651D2B67C100A1C1A5 /* Controller */,
				3D4F9F691D2B67C100A1C1A5 /* Model */,
				3D4F9F6A1D2B67C100A1C1A5 /* View */,
			);
			path = "基本信息";
			sourceTree = "<group>";
		};
		3D4F9F651D2B67C100A1C1A5 /* Controller */ = {
			isa = PBXGroup;
			children = (
				3D4F9F661D2B67C100A1C1A5 /* MessageViewController.h */,
				3D4F9F671D2B67C100A1C1A5 /* MessageViewController.m */,
				3D4F9F681D2B67C100A1C1A5 /* MessageViewController.xib */,
				3D6EC3611D3E1A7300F59D31 /* PasswordViewController.h */,
				3D6EC3621D3E1A7300F59D31 /* PasswordViewController.m */,
				3D6EC3631D3E1A7300F59D31 /* PasswordViewController.xib */,
			);
			path = Controller;
			sourceTree = "<group>";
		};
		3D4F9F691D2B67C100A1C1A5 /* Model */ = {
			isa = PBXGroup;
			children = (
			);
			path = Model;
			sourceTree = "<group>";
		};
		3D4F9F6A1D2B67C100A1C1A5 /* View */ = {
			isa = PBXGroup;
			children = (
			);
			path = View;
			sourceTree = "<group>";
		};
		3D4F9F6B1D2B67C100A1C1A5 /* 工作经验 */ = {
			isa = PBXGroup;
			children = (
				3D4F9F6C1D2B67C100A1C1A5 /* Controller */,
				3D4F9F701D2B67C100A1C1A5 /* Model */,
				3D4F9F731D2B67C100A1C1A5 /* View */,
			);
			path = "工作经验";
			sourceTree = "<group>";
		};
		3D4F9F6C1D2B67C100A1C1A5 /* Controller */ = {
			isa = PBXGroup;
			children = (
				3D4F9F6D1D2B67C100A1C1A5 /* WorkExperienceViewController.h */,
				3D4F9F6E1D2B67C100A1C1A5 /* WorkExperienceViewController.m */,
				3D4F9F6F1D2B67C100A1C1A5 /* WorkExperienceViewController.xib */,
			);
			path = Controller;
			sourceTree = "<group>";
		};
		3D4F9F701D2B67C100A1C1A5 /* Model */ = {
			isa = PBXGroup;
			children = (
				3D4F9F711D2B67C100A1C1A5 /* WorkInfo.h */,
				3D4F9F721D2B67C100A1C1A5 /* WorkInfo.m */,
			);
			path = Model;
			sourceTree = "<group>";
		};
		3D4F9F731D2B67C100A1C1A5 /* View */ = {
			isa = PBXGroup;
			children = (
				3DB175DB1D3C7941005F91CB /* WorkViewCell.h */,
				3DB175DC1D3C7941005F91CB /* WorkViewCell.m */,
				3DB175DD1D3C7941005F91CB /* WorkViewCell.xib */,
			);
			path = View;
			sourceTree = "<group>";
		};
		3D4F9F761D2B67C100A1C1A5 /* 教育经历 */ = {
			isa = PBXGroup;
			children = (
				3D4F9F771D2B67C100A1C1A5 /* Controller */,
				3D4F9F7B1D2B67C100A1C1A5 /* Model */,
				3D4F9F7E1D2B67C100A1C1A5 /* View */,
			);
			path = "教育经历";
			sourceTree = "<group>";
		};
		3D4F9F771D2B67C100A1C1A5 /* Controller */ = {
			isa = PBXGroup;
			children = (
				3D4F9F781D2B67C100A1C1A5 /* EducationExperienceViewController.h */,
				3D4F9F791D2B67C100A1C1A5 /* EducationExperienceViewController.m */,
				3D4F9F7A1D2B67C100A1C1A5 /* EducationExperienceViewController.xib */,
			);
			path = Controller;
			sourceTree = "<group>";
		};
		3D4F9F7B1D2B67C100A1C1A5 /* Model */ = {
			isa = PBXGroup;
			children = (
				3D4F9F7C1D2B67C100A1C1A5 /* EducationInfo.h */,
				3D4F9F7D1D2B67C100A1C1A5 /* EducationInfo.m */,
			);
			path = Model;
			sourceTree = "<group>";
		};
		3D4F9F7E1D2B67C100A1C1A5 /* View */ = {
			isa = PBXGroup;
			children = (
				3D4F9F7F1D2B67C100A1C1A5 /* EducationViewCell.h */,
				3D4F9F801D2B67C100A1C1A5 /* EducationViewCell.m */,
			);
			path = View;
			sourceTree = "<group>";
		};
		3D4F9F811D2B67C100A1C1A5 /* Model */ = {
			isa = PBXGroup;
			children = (
			);
			path = Model;
			sourceTree = "<group>";
		};
		3D4F9F821D2B67C100A1C1A5 /* View */ = {
			isa = PBXGroup;
			children = (
				3D4F9F831D2B67C100A1C1A5 /* MyViewCell.h */,
				3D4F9F841D2B67C100A1C1A5 /* MyViewCell.m */,
			);
			path = View;
			sourceTree = "<group>";
		};
		3D4F9F911D2B80B800A1C1A5 /* 在职公司 */ = {
			isa = PBXGroup;
			children = (
				3D4F9F921D2B80B800A1C1A5 /* Controller */,
				3D4F9FAB1D2B80B800A1C1A5 /* Model */,
				3D4F9FAC1D2B80B800A1C1A5 /* View */,
			);
			path = "在职公司";
			sourceTree = "<group>";
		};
		3D4F9F921D2B80B800A1C1A5 /* Controller */ = {
			isa = PBXGroup;
			children = (
				3D4F9F931D2B80B800A1C1A5 /* CompanyViewController.h */,
				3D4F9F941D2B80B800A1C1A5 /* CompanyViewController.m */,
				3D4F9F951D2B80B800A1C1A5 /* 我的奖励 */,
				3D4F9FA01D2B80B800A1C1A5 /* 我的惩罚 */,
			);
			path = Controller;
			sourceTree = "<group>";
		};
		3D4F9F951D2B80B800A1C1A5 /* 我的奖励 */ = {
			isa = PBXGroup;
			children = (
				3D4F9F961D2B80B800A1C1A5 /* Controller */,
				3D4F9F9A1D2B80B800A1C1A5 /* Model */,
				3D4F9F9D1D2B80B800A1C1A5 /* View */,
			);
			path = "我的奖励";
			sourceTree = "<group>";
		};
		3D4F9F961D2B80B800A1C1A5 /* Controller */ = {
			isa = PBXGroup;
			children = (
				3D4F9F971D2B80B800A1C1A5 /* PunishmentViewController.h */,
				3D4F9F981D2B80B800A1C1A5 /* PunishmentViewController.m */,
				3D4F9F991D2B80B800A1C1A5 /* PunishmentViewController.xib */,
			);
			path = Controller;
			sourceTree = "<group>";
		};
		3D4F9F9A1D2B80B800A1C1A5 /* Model */ = {
			isa = PBXGroup;
			children = (
				3D4F9F9B1D2B80B800A1C1A5 /* PunishmentInfo.h */,
				3D4F9F9C1D2B80B800A1C1A5 /* PunishmentInfo.m */,
			);
			path = Model;
			sourceTree = "<group>";
		};
		3D4F9F9D1D2B80B800A1C1A5 /* View */ = {
			isa = PBXGroup;
			children = (
				3D4F9F9E1D2B80B800A1C1A5 /* PunishmentViewCell.h */,
				3D4F9F9F1D2B80B800A1C1A5 /* PunishmentViewCell.m */,
			);
			path = View;
			sourceTree = "<group>";
		};
		3D4F9FA01D2B80B800A1C1A5 /* 我的惩罚 */ = {
			isa = PBXGroup;
			children = (
				3D4F9FA11D2B80B800A1C1A5 /* Controller */,
				3D4F9FA51D2B80B800A1C1A5 /* Model */,
				3D4F9FA81D2B80B800A1C1A5 /* View */,
			);
			path = "我的惩罚";
			sourceTree = "<group>";
		};
		3D4F9FA11D2B80B800A1C1A5 /* Controller */ = {
			isa = PBXGroup;
			children = (
				3D4F9FA21D2B80B800A1C1A5 /* RewardViewController.h */,
				3D4F9FA31D2B80B800A1C1A5 /* RewardViewController.m */,
				3D4F9FA41D2B80B800A1C1A5 /* RewardViewController.xib */,
			);
			path = Controller;
			sourceTree = "<group>";
		};
		3D4F9FA51D2B80B800A1C1A5 /* Model */ = {
			isa = PBXGroup;
			children = (
				3D4F9FA61D2B80B800A1C1A5 /* RewardInfo.h */,
				3D4F9FA71D2B80B800A1C1A5 /* RewardInfo.m */,
			);
			path = Model;
			sourceTree = "<group>";
		};
		3D4F9FA81D2B80B800A1C1A5 /* View */ = {
			isa = PBXGroup;
			children = (
				3D4F9FA91D2B80B800A1C1A5 /* RewardViewCell.h */,
				3D4F9FAA1D2B80B800A1C1A5 /* RewardViewCell.m */,
			);
			path = View;
			sourceTree = "<group>";
		};
		3D4F9FAB1D2B80B800A1C1A5 /* Model */ = {
			isa = PBXGroup;
			children = (
			);
			path = Model;
			sourceTree = "<group>";
		};
		3D4F9FAC1D2B80B800A1C1A5 /* View */ = {
			isa = PBXGroup;
			children = (
				3D4F9FAD1D2B80B800A1C1A5 /* CompanyViewCell.h */,
				3D4F9FAE1D2B80B800A1C1A5 /* CompanyViewCell.m */,
			);
			path = View;
			sourceTree = "<group>";
		};
		3D4F9FB91D2B817100A1C1A5 /* 其他 */ = {
			isa = PBXGroup;
			children = (
				3D4F9FBA1D2B817100A1C1A5 /* Controller */,
				3D4F9FCA1D2B817100A1C1A5 /* Model */,
				3D4F9FCB1D2B817100A1C1A5 /* View */,
			);
			path = "其他";
			sourceTree = "<group>";
		};
		3D4F9FBA1D2B817100A1C1A5 /* Controller */ = {
			isa = PBXGroup;
			children = (
				3D4F9FBB1D2B817100A1C1A5 /* OtherViewController.h */,
				3D4F9FBC1D2B817100A1C1A5 /* OtherViewController.m */,
				3DC0B0401D3CC2DF00194166 /* 常见问题 */,
				3D4F9FBD1D2B817100A1C1A5 /* 关于中鼎 */,
				3D4F9FC31D2B817100A1C1A5 /* 用户反馈 */,
				3D4F9FC71D2B817100A1C1A5 /* 设置 */,
			);
			path = Controller;
			sourceTree = "<group>";
		};
		3D4F9FBD1D2B817100A1C1A5 /* 关于中鼎 */ = {
			isa = PBXGroup;
			children = (
				3D7C9BB81D4864A10099FAB8 /* AboutViewController.h */,
				3D7C9BB91D4864A10099FAB8 /* AboutViewController.m */,
				3D7C9BBA1D4864A10099FAB8 /* AboutViewController.xib */,
			);
			path = "关于中鼎";
			sourceTree = "<group>";
		};
		3D4F9FC31D2B817100A1C1A5 /* 用户反馈 */ = {
			isa = PBXGroup;
			children = (
				3D4F9FC41D2B817100A1C1A5 /* FeedbackViewController.h */,
				3D4F9FC51D2B817100A1C1A5 /* FeedbackViewController.m */,
				3D4F9FC61D2B817100A1C1A5 /* FeedbackViewController.xib */,
			);
			path = "用户反馈";
			sourceTree = "<group>";
		};
		3D4F9FC71D2B817100A1C1A5 /* 设置 */ = {
			isa = PBXGroup;
			children = (
				3D4F9FC81D2B817100A1C1A5 /* SetViewController.h */,
				3D4F9FC91D2B817100A1C1A5 /* SetViewController.m */,
			);
			path = "设置";
			sourceTree = "<group>";
		};
		3D4F9FCA1D2B817100A1C1A5 /* Model */ = {
			isa = PBXGroup;
			children = (
			);
			path = Model;
			sourceTree = "<group>";
		};
		3D4F9FCB1D2B817100A1C1A5 /* View */ = {
			isa = PBXGroup;
			children = (
				3D4F9FCC1D2B817100A1C1A5 /* OtherViewCell.h */,
				3D4F9FCD1D2B817100A1C1A5 /* OtherViewCell.m */,
			);
			path = View;
			sourceTree = "<group>";
		};
		3D6313701BE8A5180093A637 /* framework */ = {
			isa = PBXGroup;
			children = (
				3D8589761BE847C200757C82 /* UIKit.framework */,
				3D1CDF1B1BE85C6B0097C924 /* Foundation.framework */,
			);
			name = framework;
			sourceTree = "<group>";
		};
		3D7C9BA71D48455C0099FAB8 /* 签到记录 */ = {
			isa = PBXGroup;
			children = (
				3D7C9BA81D48455C0099FAB8 /* Controller */,
				3D7C9BA91D48455C0099FAB8 /* Model */,
				3D7C9BAA1D48455C0099FAB8 /* View */,
			);
			path = "签到记录";
			sourceTree = "<group>";
		};
		3D7C9BA81D48455C0099FAB8 /* Controller */ = {
			isa = PBXGroup;
			children = (
				3D7C9BAB1D4845890099FAB8 /* RegisterViewController.h */,
				3D7C9BAC1D4845890099FAB8 /* RegisterViewController.m */,
				3D7C9BAD1D4845890099FAB8 /* RegisterViewController.xib */,
			);
			path = Controller;
			sourceTree = "<group>";
		};
		3D7C9BA91D48455C0099FAB8 /* Model */ = {
			isa = PBXGroup;
			children = (
				3D7C9BB51D485C050099FAB8 /* RegistModel.h */,
				3D7C9BB61D485C050099FAB8 /* RegistModel.m */,
			);
			path = Model;
			sourceTree = "<group>";
		};
		3D7C9BAA1D48455C0099FAB8 /* View */ = {
			isa = PBXGroup;
			children = (
				3D7C9BB01D485BFA0099FAB8 /* RegistCell.h */,
				3D7C9BB11D485BFA0099FAB8 /* RegistCell.m */,
				3D7C9BB21D485BFA0099FAB8 /* RegistCell.xib */,
			);
			path = View;
			sourceTree = "<group>";
		};
		3DC0B0401D3CC2DF00194166 /* 常见问题 */ = {
			isa = PBXGroup;
			children = (
				3DC0B0411D3CC2DF00194166 /* Controller */,
				3DC0B0421D3CC2DF00194166 /* Model */,
				3DC0B0431D3CC2DF00194166 /* View */,
			);
			path = "常见问题";
			sourceTree = "<group>";
		};
		3DC0B0411D3CC2DF00194166 /* Controller */ = {
			isa = PBXGroup;
			children = (
				3DC0B0441D3CC30100194166 /* QuestionViewController.h */,
				3DC0B0451D3CC30100194166 /* QuestionViewController.m */,
				3DC0B0461D3CC30100194166 /* QuestionViewController.xib */,
			);
			path = Controller;
			sourceTree = "<group>";
		};
		3DC0B0421D3CC2DF00194166 /* Model */ = {
			isa = PBXGroup;
			children = (
				3DC0B0491D3CC31300194166 /* QuestionModel.h */,
				3DC0B04A1D3CC31300194166 /* QuestionModel.m */,
			);
			path = Model;
			sourceTree = "<group>";
		};
		3DC0B0431D3CC2DF00194166 /* View */ = {
			isa = PBXGroup;
			children = (
				3DC0B04C1D3CC32300194166 /* QuestionCell.h */,
				3DC0B04D1D3CC32300194166 /* QuestionCell.m */,
				3DC0B04E1D3CC32300194166 /* QuestionCell.xib */,
			);
			path = View;
			sourceTree = "<group>";
		};
		3DC3C6501D2B859100D40844 /* 网络请求 */ = {
			isa = PBXGroup;
			children = (
				3DC3C6511D2B859100D40844 /* HTTPSessionManager.h */,
				3DC3C6521D2B859100D40844 /* HTTPSessionManager.m */,
			);
			path = "网络请求";
			sourceTree = "<group>";
		};
		3DDF6B111D2F51040046E163 /* Library */ = {
			isa = PBXGroup;
			children = (
				3DDF6B121D2F51040046E163 /* AES */,
				3DDF6B1B1D2F51040046E163 /* FDAlertView */,
			);
			path = Library;
			sourceTree = "<group>";
		};
		3DDF6B121D2F51040046E163 /* AES */ = {
			isa = PBXGroup;
			children = (
				3DDF6B131D2F51040046E163 /* AESCrypt.h */,
				3DDF6B141D2F51040046E163 /* AESCrypt.m */,
				3DDF6B151D2F51040046E163 /* NSData+Base64.h */,
				3DDF6B161D2F51040046E163 /* NSData+Base64.m */,
				3DDF6B171D2F51040046E163 /* NSData+CommonCrypto.h */,
				3DDF6B181D2F51040046E163 /* NSData+CommonCrypto.m */,
				3DDF6B191D2F51040046E163 /* NSString+Base64.h */,
				3DDF6B1A1D2F51040046E163 /* NSString+Base64.m */,
			);
			path = AES;
			sourceTree = "<group>";
		};
		3DDF6B1B1D2F51040046E163 /* FDAlertView */ = {
			isa = PBXGroup;
			children = (
				3DDF6B1C1D2F51040046E163 /* FDAlertView.h */,
				3DDF6B1D1D2F51040046E163 /* FDAlertView.m */,
			);
			path = FDAlertView;
			sourceTree = "<group>";
		};
		3DFC2F881BB3A46B004A83B0 = {
			isa = PBXGroup;
			children = (
				3DFC2F931BB3A46B004A83B0 /* 个人职业信用 */,
				3DFC2FAD1BB3A46B004A83B0 /* 个人职业信用Tests */,
				3DFC2F921BB3A46B004A83B0 /* Products */,
				C79F6F5357FACFE677C04D75 /* Pods */,
				5A23F34454B76E75AB23661B /* Frameworks */,
			);
			sourceTree = "<group>";
		};
		3DFC2F921BB3A46B004A83B0 /* Products */ = {
			isa = PBXGroup;
			children = (
				3DFC2F911BB3A46B004A83B0 /* 个人职业信用.app */,
				3DFC2FAA1BB3A46B004A83B0 /* 个人职业信用.xctest */,
			);
			name = Products;
			sourceTree = "<group>";
		};
		3DFC2F931BB3A46B004A83B0 /* 个人职业信用 */ = {
			isa = PBXGroup;
			children = (
				3D6313701BE8A5180093A637 /* framework */,
				3DFC2F981BB3A46B004A83B0 /* AppDelegate.h */,
				3DFC2F991BB3A46B004A83B0 /* AppDelegate.mm */,
				3D4F9EF01D2B63EB00A1C1A5 /* 工具类 */,
				3D4F9EF51D2B63EB00A1C1A5 /* 引导页 */,
				3D4F9EFA1D2B641D00A1C1A5 /* 登录界面 */,
				3D4F9F001D2B645900A1C1A5 /* 主控制器 */,
				3D4F9F041D2B663800A1C1A5 /* 首页 */,
				3D4F9F551D2B667F00A1C1A5 /* 职场 */,
				3D4F9F601D2B67C100A1C1A5 /* 我的 */,
				3D4F9F911D2B80B800A1C1A5 /* 在职公司 */,
				3D4F9FB91D2B817100A1C1A5 /* 其他 */,
				3DDF6B111D2F51040046E163 /* Library */,
				3DFC2F9E1BB3A46B004A83B0 /* Main.storyboard */,
				3DFC2FA11BB3A46B004A83B0 /* Images.xcassets */,
				3DFC2FA31BB3A46B004A83B0 /* LaunchScreen.xib */,
				3DFC2F941BB3A46B004A83B0 /* Supporting Files */,
			);
			name = "个人职业信用";
			path = ZhongDingZhiXin;
			sourceTree = "<group>";
		};
		3DFC2F941BB3A46B004A83B0 /* Supporting Files */ = {
			isa = PBXGroup;
			children = (
				3DFC2F951BB3A46B004A83B0 /* Info.plist */,
				3DFC2F961BB3A46B004A83B0 /* main.m */,
			);
			name = "Supporting Files";
			sourceTree = "<group>";
		};
		3DFC2FAD1BB3A46B004A83B0 /* 个人职业信用Tests */ = {
			isa = PBXGroup;
			children = (
				3DFC2FB01BB3A46B004A83B0 /* ZhongDingZhiXinTests.m */,
				3DFC2FAE1BB3A46B004A83B0 /* Supporting Files */,
			);
			name = "个人职业信用Tests";
			path = ZhongDingZhiXinTests;
			sourceTree = "<group>";
		};
		3DFC2FAE1BB3A46B004A83B0 /* Supporting Files */ = {
			isa = PBXGroup;
			children = (
				3DFC2FAF1BB3A46B004A83B0 /* Info.plist */,
			);
			name = "Supporting Files";
			sourceTree = "<group>";
		};
		5A23F34454B76E75AB23661B /* Frameworks */ = {
			isa = PBXGroup;
			children = (
				3D55D1FD1D45EC5A00FE7100 /* CoreTelephony.framework */,
				3D55D1FB1D45EB8600FE7100 /* libsqlite3.0.tbd */,
				3D55D1F91D45EB7C00FE7100 /* libMJExtension.a */,
				3D24EAB71D45E75A00F2447B /* BaiduMapAPI_Base.framework */,
				3D24EAB81D45E75A00F2447B /* BaiduMapAPI_Cloud.framework */,
				3D24EAB91D45E75A00F2447B /* BaiduMapAPI_Location.framework */,
				3D24EABA1D45E75A00F2447B /* BaiduMapAPI_Map.framework */,
				3D24EABB1D45E75A00F2447B /* BaiduMapAPI_Radar.framework */,
				3D24EABC1D45E75A00F2447B /* BaiduMapAPI_Search.framework */,
				3D24EABD1D45E75A00F2447B /* BaiduMapAPI_Utils.framework */,
				3D3845951D2F7E27000E10B6 /* MapKit.framework */,
				3DC3C6561D2B909800D40844 /* libMBProgressHUD.a */,
				3DC3C6541D2B909600D40844 /* libAFNetworking.a */,
				0A1C2B9738B0F727D91CD021 /* libPods.a */,
			);
			name = Frameworks;
			sourceTree = "<group>";
		};
		C79F6F5357FACFE677C04D75 /* Pods */ = {
			isa = PBXGroup;
			children = (
				8C8186C7D14156CF41D1ACD5 /* Pods.debug.xcconfig */,
				677522D154E4D9E2F819AC15 /* Pods.release.xcconfig */,
			);
			name = Pods;
			sourceTree = "<group>";
		};
/* End PBXGroup section */

/* Begin PBXNativeTarget section */
		3DFC2F901BB3A46B004A83B0 /* 个人职业信用 */ = {
			isa = PBXNativeTarget;
			buildConfigurationList = 3DFC2FB41BB3A46B004A83B0 /* Build configuration list for PBXNativeTarget "个人职业信用" */;
			buildPhases = (
				219958623F7C484EFD138D48 /* Check Pods Manifest.lock */,
				3DFC2F8D1BB3A46B004A83B0 /* Sources */,
				3DFC2F8E1BB3A46B004A83B0 /* Frameworks */,
				3DFC2F8F1BB3A46B004A83B0 /* Resources */,
				045F729B0D352DCE892004B9 /* Embed Pods Frameworks */,
				0B8FF7C1F5EAAC4690999417 /* Copy Pods Resources */,
			);
			buildRules = (
			);
			dependencies = (
			);
			name = "个人职业信用";
			productName = ZhongDingZhiXin;
			productReference = 3DFC2F911BB3A46B004A83B0 /* 个人职业信用.app */;
			productType = "com.apple.product-type.application";
		};
		3DFC2FA91BB3A46B004A83B0 /* 个人职业信用Tests */ = {
			isa = PBXNativeTarget;
			buildConfigurationList = 3DFC2FB71BB3A46B004A83B0 /* Build configuration list for PBXNativeTarget "个人职业信用Tests" */;
			buildPhases = (
				3DFC2FA61BB3A46B004A83B0 /* Sources */,
				3DFC2FA71BB3A46B004A83B0 /* Frameworks */,
				3DFC2FA81BB3A46B004A83B0 /* Resources */,
			);
			buildRules = (
			);
			dependencies = (
				3DFC2FAC1BB3A46B004A83B0 /* PBXTargetDependency */,
			);
			name = "个人职业信用Tests";
			productName = ZhongDingZhiXinTests;
			productReference = 3DFC2FAA1BB3A46B004A83B0 /* 个人职业信用.xctest */;
			productType = "com.apple.product-type.bundle.unit-test";
		};
/* End PBXNativeTarget section */

/* Begin PBXProject section */
		3DFC2F891BB3A46B004A83B0 /* Project object */ = {
			isa = PBXProject;
			attributes = {
				LastUpgradeCheck = 0730;
				ORGANIZATIONNAME = "北京职信鼎程";
				TargetAttributes = {
					3DFC2F901BB3A46B004A83B0 = {
						CreatedOnToolsVersion = 6.4;
						DevelopmentTeam = AK5T28Y6FV;
					};
					3DFC2FA91BB3A46B004A83B0 = {
						CreatedOnToolsVersion = 6.4;
						TestTargetID = 3DFC2F901BB3A46B004A83B0;
					};
				};
			};
			buildConfigurationList = 3DFC2F8C1BB3A46B004A83B0 /* Build configuration list for PBXProject "个人职业信用" */;
			compatibilityVersion = "Xcode 3.2";
			developmentRegion = English;
			hasScannedForEncodings = 0;
			knownRegions = (
				en,
				Base,
			);
			mainGroup = 3DFC2F881BB3A46B004A83B0;
			productRefGroup = 3DFC2F921BB3A46B004A83B0 /* Products */;
			projectDirPath = "";
			projectRoot = "";
			targets = (
				3DFC2F901BB3A46B004A83B0 /* 个人职业信用 */,
				3DFC2FA91BB3A46B004A83B0 /* 个人职业信用Tests */,
			);
		};
/* End PBXProject section */

/* Begin PBXResourcesBuildPhase section */
		3DFC2F8F1BB3A46B004A83B0 /* Resources */ = {
			isa = PBXResourcesBuildPhase;
			buildActionMask = 2147483647;
			files = (
				3D4F9F441D2B663800A1C1A5 /* AfficheViewController.xib in Resources */,
				3D6EC3651D3E1A7300F59D31 /* PasswordViewController.xib in Resources */,
				3D1FEEDF1D2E3CEC00C54C41 /* ContentView.xib in Resources */,
				3DC0B0501D3CC32300194166 /* QuestionCell.xib in Resources */,
				3D7C9BBC1D4864A10099FAB8 /* AboutViewController.xib in Resources */,
				3DC0B0481D3CC30100194166 /* QuestionViewController.xib in Resources */,
				3D7C9BB41D485BFA0099FAB8 /* RegistCell.xib in Resources */,
				3D4F9F891D2B67C100A1C1A5 /* WorkExperienceViewController.xib in Resources */,
				3DE353871D388449002A68E6 /* TaskViewController.xib in Resources */,
				3D4F9F461D2B663800A1C1A5 /* NoticeViewController.xib in Resources */,
				3D150F3C1D4734BB00E30A14 /* NearCell.xib in Resources */,
				3DB175DF1D3C7941005F91CB /* WorkViewCell.xib in Resources */,
				3D4F9F4A1D2B663800A1C1A5 /* WordCarViewController.xib in Resources */,
				3D4F9FB11D2B80B800A1C1A5 /* PunishmentViewController.xib in Resources */,
				3D4F9FB51D2B80B800A1C1A5 /* RewardViewController.xib in Resources */,
				3DFC2FA01BB3A46B004A83B0 /* Main.storyboard in Resources */,
				3D4F9F501D2B663800A1C1A5 /* ListViewCell.xib in Resources */,
				3D4F9EFF1D2B641D00A1C1A5 /* LoginViewController.xib in Resources */,
				3D4F9FD31D2B817100A1C1A5 /* FeedbackViewController.xib in Resources */,
				3DFC2FA51BB3A46B004A83B0 /* LaunchScreen.xib in Resources */,
				3D4F9F3D1D2B663800A1C1A5 /* HomeViewController.xib in Resources */,
				3D4F9F8D1D2B67C100A1C1A5 /* EducationExperienceViewController.xib in Resources */,
				3D4F9F541D2B663800A1C1A5 /* TitleViewCell.xib in Resources */,
				3D4F9F5E1D2B667F00A1C1A5 /* MarketViewController.xib in Resources */,
				3D7C9BAF1D4845890099FAB8 /* RegisterViewController.xib in Resources */,
				3DFC2FA21BB3A46B004A83B0 /* Images.xcassets in Resources */,
				3D4F9F4E1D2B663800A1C1A5 /* ButtonViewCell.xib in Resources */,
				3D4F9F871D2B67C100A1C1A5 /* MessageViewController.xib in Resources */,
				3D4F9F521D2B663800A1C1A5 /* NoticeViewCell.xib in Resources */,
			);
			runOnlyForDeploymentPostprocessing = 0;
		};
		3DFC2FA81BB3A46B004A83B0 /* Resources */ = {
			isa = PBXResourcesBuildPhase;
			buildActionMask = 2147483647;
			files = (
			);
			runOnlyForDeploymentPostprocessing = 0;
		};
/* End PBXResourcesBuildPhase section */

/* Begin PBXShellScriptBuildPhase section */
		045F729B0D352DCE892004B9 /* Embed Pods Frameworks */ = {
			isa = PBXShellScriptBuildPhase;
			buildActionMask = 2147483647;
			files = (
			);
			inputPaths = (
			);
			name = "Embed Pods Frameworks";
			outputPaths = (
			);
			runOnlyForDeploymentPostprocessing = 0;
			shellPath = /bin/sh;
			shellScript = "\"${SRCROOT}/Pods/Target Support Files/Pods/Pods-frameworks.sh\"\n";
			showEnvVarsInLog = 0;
		};
		0B8FF7C1F5EAAC4690999417 /* Copy Pods Resources */ = {
			isa = PBXShellScriptBuildPhase;
			buildActionMask = 2147483647;
			files = (
			);
			inputPaths = (
			);
			name = "Copy Pods Resources";
			outputPaths = (
			);
			runOnlyForDeploymentPostprocessing = 0;
			shellPath = /bin/sh;
			shellScript = "\"${SRCROOT}/Pods/Target Support Files/Pods/Pods-resources.sh\"\n";
			showEnvVarsInLog = 0;
		};
		219958623F7C484EFD138D48 /* Check Pods Manifest.lock */ = {
			isa = PBXShellScriptBuildPhase;
			buildActionMask = 2147483647;
			files = (
			);
			inputPaths = (
			);
			name = "Check Pods Manifest.lock";
			outputPaths = (
			);
			runOnlyForDeploymentPostprocessing = 0;
			shellPath = /bin/sh;
			shellScript = "diff \"${PODS_ROOT}/../Podfile.lock\" \"${PODS_ROOT}/Manifest.lock\" > /dev/null\nif [[ $? != 0 ]] ; then\n    cat << EOM\nerror: The sandbox is not in sync with the Podfile.lock. Run 'pod install' or update your CocoaPods installation.\nEOM\n    exit 1\nfi\n";
			showEnvVarsInLog = 0;
		};
/* End PBXShellScriptBuildPhase section */

/* Begin PBXSourcesBuildPhase section */
		3DFC2F8D1BB3A46B004A83B0 /* Sources */ = {
			isa = PBXSourcesBuildPhase;
			buildActionMask = 2147483647;
			files = (
				3D4F9F3F1D2B663800A1C1A5 /* TaskViewController.m in Sources */,
				3D4F9FB21D2B80B800A1C1A5 /* PunishmentInfo.m in Sources */,
				3DC0B04B1D3CC31300194166 /* QuestionModel.m in Sources */,
				3D7C9BAE1D4845890099FAB8 /* RegisterViewController.m in Sources */,
				3DC0B04F1D3CC32300194166 /* QuestionCell.m in Sources */,
				3D4F9F411D2B663800A1C1A5 /* TaskView.m in Sources */,
				3D4F9F481D2B663800A1C1A5 /* TableNoticeViewCell.m in Sources */,
				3D4F9F5F1D2B667F00A1C1A5 /* MarketViewCell.m in Sources */,
				3D4F9FD21D2B817100A1C1A5 /* FeedbackViewController.m in Sources */,
				3D4F9F3C1D2B663800A1C1A5 /* HomeViewController.m in Sources */,
				3D7C9BBB1D4864A10099FAB8 /* AboutViewController.m in Sources */,
				3D4F9F901D2B67C100A1C1A5 /* MyViewCell.m in Sources */,
				3D4F9F881D2B67C100A1C1A5 /* WorkExperienceViewController.m in Sources */,
				3D4F9FB31D2B80B800A1C1A5 /* PunishmentViewCell.m in Sources */,
				3D4F9F421D2B663800A1C1A5 /* TaskViewCell.m in Sources */,
				3D4F9F431D2B663800A1C1A5 /* AfficheViewController.m in Sources */,
				3D4F9F531D2B663800A1C1A5 /* TitleViewCell.m in Sources */,
				3D4F9F8C1D2B67C100A1C1A5 /* EducationExperienceViewController.m in Sources */,
				3D1FEEDE1D2E3CEC00C54C41 /* ContentView.m in Sources */,
				3D4F9F451D2B663800A1C1A5 /* NoticeViewController.m in Sources */,
				3D7C9BB31D485BFA0099FAB8 /* RegistCell.m in Sources */,
				3D4F9F491D2B663800A1C1A5 /* WordCarViewController.m in Sources */,
				3DDF6B211D2F51040046E163 /* NSString+Base64.m in Sources */,
				3DC0B0471D3CC30100194166 /* QuestionViewController.m in Sources */,
				3DD68B701D2C91CE002BCDD6 /* Foundation+Log.m in Sources */,
				3D4F9EF91D2B63EB00A1C1A5 /* ViewController.m in Sources */,
				3D4F9FB81D2B80B800A1C1A5 /* CompanyViewCell.m in Sources */,
				3D4F9F861D2B67C100A1C1A5 /* MessageViewController.m in Sources */,
				3DFC2F9A1BB3A46B004A83B0 /* AppDelegate.mm in Sources */,
				3D4F9F4F1D2B663800A1C1A5 /* ListViewCell.m in Sources */,
				3D6EC3641D3E1A7300F59D31 /* PasswordViewController.m in Sources */,
				3D4F9F4D1D2B663800A1C1A5 /* ButtonViewCell.m in Sources */,
				3D4F9F4C1D2B663800A1C1A5 /* WordCarViewCell.m in Sources */,
				3D4F9F851D2B67C100A1C1A5 /* MyViewController.m in Sources */,
				3D4F9FCE1D2B817100A1C1A5 /* OtherViewController.m in Sources */,
				3D4F9F8E1D2B67C100A1C1A5 /* EducationInfo.m in Sources */,
				3D4F9F8A1D2B67C100A1C1A5 /* WorkInfo.m in Sources */,
				3D4F9F8F1D2B67C100A1C1A5 /* EducationViewCell.m in Sources */,
				3D4F9F471D2B663800A1C1A5 /* NoticeInfo.m in Sources */,
				3DDF6B201D2F51040046E163 /* NSData+CommonCrypto.m in Sources */,
				3D4F9F4B1D2B663800A1C1A5 /* WordCarInfo.m in Sources */,
				3D4F9FB71D2B80B800A1C1A5 /* RewardViewCell.m in Sources */,
				3D4F9EFE1D2B641D00A1C1A5 /* LoginViewController.m in Sources */,
				3D4F9FB41D2B80B800A1C1A5 /* RewardViewController.m in Sources */,
				3DDF6B1F1D2F51040046E163 /* NSData+Base64.m in Sources */,
				3D4F9F511D2B663800A1C1A5 /* NoticeViewCell.m in Sources */,
				3DDF6B221D2F51040046E163 /* FDAlertView.m in Sources */,
				3DC3C6531D2B859100D40844 /* HTTPSessionManager.m in Sources */,
				3D7C9BBF1D4897760099FAB8 /* XMGAnno.m in Sources */,
				3DFC2F971BB3A46B004A83B0 /* main.m in Sources */,
				3D4F9FB01D2B80B800A1C1A5 /* PunishmentViewController.m in Sources */,
				3D4F9FAF1D2B80B800A1C1A5 /* CompanyViewController.m in Sources */,
				3D4F9F031D2B645900A1C1A5 /* KSTabBarController.m in Sources */,
				3DDF6B1E1D2F51040046E163 /* AESCrypt.m in Sources */,
				3D4F9FD41D2B817100A1C1A5 /* SetViewController.m in Sources */,
				3D4F9FD51D2B817100A1C1A5 /* OtherViewCell.m in Sources */,
				3D4F9F5D1D2B667F00A1C1A5 /* MarketViewController.m in Sources */,
				3D4F9FB61D2B80B800A1C1A5 /* RewardInfo.m in Sources */,
				3D150F3F1D4734CB00E30A14 /* NearModel.m in Sources */,
				3D4F9F3E1D2B663800A1C1A5 /* CustomAnnotation.m in Sources */,
				3D4F9EF81D2B63EB00A1C1A5 /* UIUtils.m in Sources */,
				3D150F3B1D4734BB00E30A14 /* NearCell.m in Sources */,
				3D7C9BB71D485C050099FAB8 /* RegistModel.m in Sources */,
				3DB175DE1D3C7941005F91CB /* WorkViewCell.m in Sources */,
			);
			runOnlyForDeploymentPostprocessing = 0;
		};
		3DFC2FA61BB3A46B004A83B0 /* Sources */ = {
			isa = PBXSourcesBuildPhase;
			buildActionMask = 2147483647;
			files = (
				3DFC2FB11BB3A46B004A83B0 /* ZhongDingZhiXinTests.m in Sources */,
			);
			runOnlyForDeploymentPostprocessing = 0;
		};
/* End PBXSourcesBuildPhase section */

/* Begin PBXTargetDependency section */
		3DFC2FAC1BB3A46B004A83B0 /* PBXTargetDependency */ = {
			isa = PBXTargetDependency;
			target = 3DFC2F901BB3A46B004A83B0 /* 个人职业信用 */;
			targetProxy = 3DFC2FAB1BB3A46B004A83B0 /* PBXContainerItemProxy */;
		};
/* End PBXTargetDependency section */

/* Begin PBXVariantGroup section */
		3DFC2F9E1BB3A46B004A83B0 /* Main.storyboard */ = {
			isa = PBXVariantGroup;
			children = (
				3DFC2F9F1BB3A46B004A83B0 /* Base */,
			);
			name = Main.storyboard;
			sourceTree = "<group>";
		};
		3DFC2FA31BB3A46B004A83B0 /* LaunchScreen.xib */ = {
			isa = PBXVariantGroup;
			children = (
				3DFC2FA41BB3A46B004A83B0 /* Base */,
			);
			name = LaunchScreen.xib;
			sourceTree = "<group>";
		};
/* End PBXVariantGroup section */

/* Begin XCBuildConfiguration section */
		3DFC2FB21BB3A46B004A83B0 /* Debug */ = {
			isa = XCBuildConfiguration;
			buildSettings = {
				ALWAYS_SEARCH_USER_PATHS = NO;
				CLANG_CXX_LANGUAGE_STANDARD = "gnu++0x";
				CLANG_CXX_LIBRARY = "libc++";
				CLANG_ENABLE_MODULES = YES;
				CLANG_ENABLE_OBJC_ARC = YES;
				CLANG_WARN_BOOL_CONVERSION = YES;
				CLANG_WARN_CONSTANT_CONVERSION = YES;
				CLANG_WARN_DIRECT_OBJC_ISA_USAGE = YES_ERROR;
				CLANG_WARN_EMPTY_BODY = YES;
				CLANG_WARN_ENUM_CONVERSION = YES;
				CLANG_WARN_INT_CONVERSION = YES;
				CLANG_WARN_OBJC_ROOT_CLASS = YES_ERROR;
				CLANG_WARN_UNREACHABLE_CODE = YES;
				CLANG_WARN__DUPLICATE_METHOD_MATCH = YES;
				"CODE_SIGN_IDENTITY[sdk=iphoneos*]" = "iPhone Developer";
				COPY_PHASE_STRIP = NO;
				DEBUG_INFORMATION_FORMAT = "dwarf-with-dsym";
				ENABLE_STRICT_OBJC_MSGSEND = YES;
				ENABLE_TESTABILITY = YES;
				GCC_C_LANGUAGE_STANDARD = gnu99;
				GCC_DYNAMIC_NO_PIC = NO;
				GCC_NO_COMMON_BLOCKS = YES;
				GCC_OPTIMIZATION_LEVEL = 0;
				GCC_PREPROCESSOR_DEFINITIONS = (
					"DEBUG=1",
					"$(inherited)",
				);
				GCC_SYMBOLS_PRIVATE_EXTERN = NO;
				GCC_WARN_64_TO_32_BIT_CONVERSION = YES;
				GCC_WARN_ABOUT_RETURN_TYPE = YES_ERROR;
				GCC_WARN_UNDECLARED_SELECTOR = YES;
				GCC_WARN_UNINITIALIZED_AUTOS = YES_AGGRESSIVE;
				GCC_WARN_UNUSED_FUNCTION = YES;
				GCC_WARN_UNUSED_VARIABLE = YES;
				IPHONEOS_DEPLOYMENT_TARGET = 9.0;
				MTL_ENABLE_DEBUG_INFO = YES;
				ONLY_ACTIVE_ARCH = YES;
				SDKROOT = iphoneos;
				TARGETED_DEVICE_FAMILY = "1,2";
				VALID_ARCHS = "armv7 armv7s arm64";
			};
			name = Debug;
		};
		3DFC2FB31BB3A46B004A83B0 /* Release */ = {
			isa = XCBuildConfiguration;
			buildSettings = {
				ALWAYS_SEARCH_USER_PATHS = NO;
				CLANG_CXX_LANGUAGE_STANDARD = "gnu++0x";
				CLANG_CXX_LIBRARY = "libc++";
				CLANG_ENABLE_MODULES = YES;
				CLANG_ENABLE_OBJC_ARC = YES;
				CLANG_WARN_BOOL_CONVERSION = YES;
				CLANG_WARN_CONSTANT_CONVERSION = YES;
				CLANG_WARN_DIRECT_OBJC_ISA_USAGE = YES_ERROR;
				CLANG_WARN_EMPTY_BODY = YES;
				CLANG_WARN_ENUM_CONVERSION = YES;
				CLANG_WARN_INT_CONVERSION = YES;
				CLANG_WARN_OBJC_ROOT_CLASS = YES_ERROR;
				CLANG_WARN_UNREACHABLE_CODE = YES;
				CLANG_WARN__DUPLICATE_METHOD_MATCH = YES;
				"CODE_SIGN_IDENTITY[sdk=iphoneos*]" = "iPhone Developer";
				COPY_PHASE_STRIP = NO;
				DEBUG_INFORMATION_FORMAT = "dwarf-with-dsym";
				ENABLE_NS_ASSERTIONS = NO;
				ENABLE_STRICT_OBJC_MSGSEND = YES;
				GCC_C_LANGUAGE_STANDARD = gnu99;
				GCC_NO_COMMON_BLOCKS = YES;
				GCC_WARN_64_TO_32_BIT_CONVERSION = YES;
				GCC_WARN_ABOUT_RETURN_TYPE = YES_ERROR;
				GCC_WARN_UNDECLARED_SELECTOR = YES;
				GCC_WARN_UNINITIALIZED_AUTOS = YES_AGGRESSIVE;
				GCC_WARN_UNUSED_FUNCTION = YES;
				GCC_WARN_UNUSED_VARIABLE = YES;
				IPHONEOS_DEPLOYMENT_TARGET = 9.0;
				MTL_ENABLE_DEBUG_INFO = NO;
				SDKROOT = iphoneos;
				TARGETED_DEVICE_FAMILY = "1,2";
				VALIDATE_PRODUCT = YES;
				VALID_ARCHS = "armv7 armv7s arm64";
			};
			name = Release;
		};
		3DFC2FB51BB3A46B004A83B0 /* Debug */ = {
			isa = XCBuildConfiguration;
			baseConfigurationReference = 8C8186C7D14156CF41D1ACD5 /* Pods.debug.xcconfig */;
			buildSettings = {
				ASSETCATALOG_COMPILER_APPICON_NAME = AppIcon;
				CLANG_CXX_LIBRARY = "libstdc++";
				CODE_SIGN_IDENTITY = "iPhone Developer";
				"CODE_SIGN_IDENTITY[sdk=iphoneos*]" = "iPhone Developer";
				FRAMEWORK_SEARCH_PATHS = (
					"$(inherited)",
					"/Users/zdzx-008/Desktop",
					"$(PROJECT_DIR)/ZhongDingZhiXin",
					"$(PROJECT_DIR)/Pods/BaiduMapKit/BaiduMapKit",
				);
				GCC_PREFIX_HEADER = "/Users/zdzx-008/Desktop/PersonCredit/ZhongDingZhiXin/工具类/PrefixHeader.pch";
				INFOPLIST_FILE = ZhongDingZhiXin/Info.plist;
				IPHONEOS_DEPLOYMENT_TARGET = 8.0;
				LD_RUNPATH_SEARCH_PATHS = "$(inherited) @executable_path/Frameworks";
				LIBRARY_SEARCH_PATHS = (
					"$(inherited)",
					"$(PROJECT_DIR)/ZhongDingZhiXin",
				);
				ONLY_ACTIVE_ARCH = YES;
				OTHER_LDFLAGS = "";
				PRODUCT_BUNDLE_IDENTIFIER = "zdzx-008.";
				PRODUCT_NAME = "个人职业信用";
				PROVISIONING_PROFILE = "";
				TARGETED_DEVICE_FAMILY = 1;
				VALID_ARCHS = "armv7 armv7s arm64";
			};
			name = Debug;
		};
		3DFC2FB61BB3A46B004A83B0 /* Release */ = {
			isa = XCBuildConfiguration;
			baseConfigurationReference = 677522D154E4D9E2F819AC15 /* Pods.release.xcconfig */;
			buildSettings = {
				ASSETCATALOG_COMPILER_APPICON_NAME = AppIcon;
				CLANG_CXX_LIBRARY = "libstdc++";
				CODE_SIGN_IDENTITY = "iPhone Developer";
				"CODE_SIGN_IDENTITY[sdk=iphoneos*]" = "iPhone Developer";
				FRAMEWORK_SEARCH_PATHS = (
					"$(inherited)",
					"/Users/zdzx-008/Desktop",
					"$(PROJECT_DIR)/ZhongDingZhiXin",
					"$(PROJECT_DIR)/Pods/BaiduMapKit/BaiduMapKit",
				);
				GCC_PREFIX_HEADER = "/Users/zdzx-008/Desktop/PersonCredit/ZhongDingZhiXin/工具类/PrefixHeader.pch";
				INFOPLIST_FILE = ZhongDingZhiXin/Info.plist;
				IPHONEOS_DEPLOYMENT_TARGET = 8.0;
				LD_RUNPATH_SEARCH_PATHS = "$(inherited) @executable_path/Frameworks";
				LIBRARY_SEARCH_PATHS = (
					"$(inherited)",
					"$(PROJECT_DIR)/ZhongDingZhiXin",
				);
				ONLY_ACTIVE_ARCH = NO;
				OTHER_LDFLAGS = "";
				PRODUCT_BUNDLE_IDENTIFIER = "zdzx-008.";
				PRODUCT_NAME = "个人职业信用";
				PROVISIONING_PROFILE = "";
				TARGETED_DEVICE_FAMILY = 1;
				VALID_ARCHS = "armv7 armv7s arm64";
			};
			name = Release;
		};
		3DFC2FB81BB3A46B004A83B0 /* Debug */ = {
			isa = XCBuildConfiguration;
			buildSettings = {
				BUNDLE_LOADER = "$(TEST_HOST)";
				FRAMEWORK_SEARCH_PATHS = (
					"$(SDKROOT)/Developer/Library/Frameworks",
					"$(inherited)",
				);
				GCC_PREPROCESSOR_DEFINITIONS = (
					"DEBUG=1",
					"$(inherited)",
				);
				INFOPLIST_FILE = ZhongDingZhiXinTests/Info.plist;
				IPHONEOS_DEPLOYMENT_TARGET = 8.4;
				LD_RUNPATH_SEARCH_PATHS = "$(inherited) @executable_path/Frameworks @loader_path/Frameworks";
				PRODUCT_BUNDLE_IDENTIFIER = "zdzx-008.";
				PRODUCT_NAME = "个人职业信用";
				TEST_HOST = "$(BUILT_PRODUCTS_DIR)/个人职业信用.app/个人职业信用";
			};
			name = Debug;
		};
		3DFC2FB91BB3A46B004A83B0 /* Release */ = {
			isa = XCBuildConfiguration;
			buildSettings = {
				BUNDLE_LOADER = "$(TEST_HOST)";
				FRAMEWORK_SEARCH_PATHS = (
					"$(SDKROOT)/Developer/Library/Frameworks",
					"$(inherited)",
				);
				INFOPLIST_FILE = ZhongDingZhiXinTests/Info.plist;
				IPHONEOS_DEPLOYMENT_TARGET = 8.4;
				LD_RUNPATH_SEARCH_PATHS = "$(inherited) @executable_path/Frameworks @loader_path/Frameworks";
				PRODUCT_BUNDLE_IDENTIFIER = "zdzx-008.";
				PRODUCT_NAME = "个人职业信用";
				TEST_HOST = "$(BUILT_PRODUCTS_DIR)/个人职业信用.app/个人职业信用";
			};
			name = Release;
		};
/* End XCBuildConfiguration section */

/* Begin XCConfigurationList section */
		3DFC2F8C1BB3A46B004A83B0 /* Build configuration list for PBXProject "个人职业信用" */ = {
			isa = XCConfigurationList;
			buildConfigurations = (
				3DFC2FB21BB3A46B004A83B0 /* Debug */,
				3DFC2FB31BB3A46B004A83B0 /* Release */,
			);
			defaultConfigurationIsVisible = 0;
			defaultConfigurationName = Release;
		};
		3DFC2FB41BB3A46B004A83B0 /* Build configuration list for PBXNativeTarget "个人职业信用" */ = {
			isa = XCConfigurationList;
			buildConfigurations = (
				3DFC2FB51BB3A46B004A83B0 /* Debug */,
				3DFC2FB61BB3A46B004A83B0 /* Release */,
			);
			defaultConfigurationIsVisible = 0;
			defaultConfigurationName = Release;
		};
		3DFC2FB71BB3A46B004A83B0 /* Build configuration list for PBXNativeTarget "个人职业信用Tests" */ = {
			isa = XCConfigurationList;
			buildConfigurations = (
				3DFC2FB81BB3A46B004A83B0 /* Debug */,
				3DFC2FB91BB3A46B004A83B0 /* Release */,
			);
			defaultConfigurationIsVisible = 0;
			defaultConfigurationName = Release;
		};
/* End XCConfigurationList section */
	};
	rootObject = 3DFC2F891BB3A46B004A83B0 /* Project object */;
}
